// !$*UTF8*$!
{
	archiveVersion = 1;
	classes = {
	};
	objectVersion = 55;
	objects = {

/* Begin PBXBuildFile section */
		E500F9682892659B00080EAF /* StoryStore.swift in Sources */ = {isa = PBXBuildFile; fileRef = E500F9672892659B00080EAF /* StoryStore.swift */; };
		E500F9692892659B00080EAF /* StoryStore.swift in Sources */ = {isa = PBXBuildFile; fileRef = E500F9672892659B00080EAF /* StoryStore.swift */; };
		E500F96B289266EF00080EAF /* LinkView.swift in Sources */ = {isa = PBXBuildFile; fileRef = E500F96A289266EF00080EAF /* LinkView.swift */; };
		E500F96C289266EF00080EAF /* LinkView.swift in Sources */ = {isa = PBXBuildFile; fileRef = E500F96A289266EF00080EAF /* LinkView.swift */; };
		E50FB9E42886738D00AA325C /* Tests_iOS.swift in Sources */ = {isa = PBXBuildFile; fileRef = E50FB9E32886738D00AA325C /* Tests_iOS.swift */; };
		E50FB9E62886738D00AA325C /* Tests_iOSLaunchTests.swift in Sources */ = {isa = PBXBuildFile; fileRef = E50FB9E52886738D00AA325C /* Tests_iOSLaunchTests.swift */; };
		E50FB9F02886738D00AA325C /* Tests_macOS.swift in Sources */ = {isa = PBXBuildFile; fileRef = E50FB9EF2886738D00AA325C /* Tests_macOS.swift */; };
		E50FB9F22886738D00AA325C /* Tests_macOSLaunchTests.swift in Sources */ = {isa = PBXBuildFile; fileRef = E50FB9F12886738D00AA325C /* Tests_macOSLaunchTests.swift */; };
		E50FB9F32886738D00AA325C /* ZCombinator.xcdatamodeld in Sources */ = {isa = PBXBuildFile; fileRef = E50FB9C82886738B00AA325C /* ZCombinator.xcdatamodeld */; };
		E50FB9F42886738D00AA325C /* ZCombinator.xcdatamodeld in Sources */ = {isa = PBXBuildFile; fileRef = E50FB9C82886738B00AA325C /* ZCombinator.xcdatamodeld */; };
		E50FB9F52886738D00AA325C /* ZCombinatorApp.swift in Sources */ = {isa = PBXBuildFile; fileRef = E50FB9CA2886738B00AA325C /* ZCombinatorApp.swift */; };
		E50FB9F62886738D00AA325C /* ZCombinatorApp.swift in Sources */ = {isa = PBXBuildFile; fileRef = E50FB9CA2886738B00AA325C /* ZCombinatorApp.swift */; };
		E50FB9F72886738D00AA325C /* HomeView.swift in Sources */ = {isa = PBXBuildFile; fileRef = E50FB9CB2886738B00AA325C /* HomeView.swift */; };
		E50FB9F82886738D00AA325C /* HomeView.swift in Sources */ = {isa = PBXBuildFile; fileRef = E50FB9CB2886738B00AA325C /* HomeView.swift */; };
		E50FB9FB2886738D00AA325C /* Assets.xcassets in Resources */ = {isa = PBXBuildFile; fileRef = E50FB9CD2886738D00AA325C /* Assets.xcassets */; };
		E50FB9FC2886738D00AA325C /* Assets.xcassets in Resources */ = {isa = PBXBuildFile; fileRef = E50FB9CD2886738D00AA325C /* Assets.xcassets */; };
		E50FBA0E288673B400AA325C /* Item.swift in Sources */ = {isa = PBXBuildFile; fileRef = E50FBA0D288673B400AA325C /* Item.swift */; };
		E50FBA11288674B100AA325C /* Story.swift in Sources */ = {isa = PBXBuildFile; fileRef = E50FBA10288674B100AA325C /* Story.swift */; };
		E50FBA12288674B100AA325C /* Story.swift in Sources */ = {isa = PBXBuildFile; fileRef = E50FBA10288674B100AA325C /* Story.swift */; };
		E50FBA13288674B100AA325C /* Story.swift in Sources */ = {isa = PBXBuildFile; fileRef = E50FBA10288674B100AA325C /* Story.swift */; };
		E50FBA14288674B100AA325C /* Story.swift in Sources */ = {isa = PBXBuildFile; fileRef = E50FBA10288674B100AA325C /* Story.swift */; };
		E50FBA15288674CD00AA325C /* Item.swift in Sources */ = {isa = PBXBuildFile; fileRef = E50FBA0D288673B400AA325C /* Item.swift */; };
		E50FBA16288674D100AA325C /* Item.swift in Sources */ = {isa = PBXBuildFile; fileRef = E50FBA0D288673B400AA325C /* Item.swift */; };
		E50FBA17288674D500AA325C /* Item.swift in Sources */ = {isa = PBXBuildFile; fileRef = E50FBA0D288673B400AA325C /* Item.swift */; };
		E50FBA1A288676CE00AA325C /* StoriesRepository.swift in Sources */ = {isa = PBXBuildFile; fileRef = E50FBA19288676CE00AA325C /* StoriesRepository.swift */; };
		E50FBA1B288676CE00AA325C /* StoriesRepository.swift in Sources */ = {isa = PBXBuildFile; fileRef = E50FBA19288676CE00AA325C /* StoriesRepository.swift */; };
		E50FBA1C288676CE00AA325C /* StoriesRepository.swift in Sources */ = {isa = PBXBuildFile; fileRef = E50FBA19288676CE00AA325C /* StoriesRepository.swift */; };
		E50FBA1D288676CE00AA325C /* StoriesRepository.swift in Sources */ = {isa = PBXBuildFile; fileRef = E50FBA19288676CE00AA325C /* StoriesRepository.swift */; };
		E51C9DA3289F2EF4001EA8E8 /* Authentication.swift in Sources */ = {isa = PBXBuildFile; fileRef = E51C9DA2289F2EF4001EA8E8 /* Authentication.swift */; };
		E51C9DA4289F2EF4001EA8E8 /* Authentication.swift in Sources */ = {isa = PBXBuildFile; fileRef = E51C9DA2289F2EF4001EA8E8 /* Authentication.swift */; };
		E52134B728877030005CFB77 /* Alamofire in Frameworks */ = {isa = PBXBuildFile; productRef = E52134B628877030005CFB77 /* Alamofire */; };
		E52134C028877C06005CFB77 /* StoryRow.swift in Sources */ = {isa = PBXBuildFile; fileRef = E52134BF28877C06005CFB77 /* StoryRow.swift */; };
		E52134C128877C06005CFB77 /* StoryRow.swift in Sources */ = {isa = PBXBuildFile; fileRef = E52134BF28877C06005CFB77 /* StoryRow.swift */; };
		E52134C328877ED7005CFB77 /* ItemView.swift in Sources */ = {isa = PBXBuildFile; fileRef = E52134C228877ED7005CFB77 /* ItemView.swift */; };
		E52134C428877ED7005CFB77 /* ItemView.swift in Sources */ = {isa = PBXBuildFile; fileRef = E52134C228877ED7005CFB77 /* ItemView.swift */; };
		E526555F2887E28800D0B79A /* SafariView.swift in Sources */ = {isa = PBXBuildFile; fileRef = E526555E2887E28800D0B79A /* SafariView.swift */; };
		E52655602887E28800D0B79A /* SafariView.swift in Sources */ = {isa = PBXBuildFile; fileRef = E526555E2887E28800D0B79A /* SafariView.swift */; };
		E53CA981289E3979009FDAE6 /* Constants.swift in Sources */ = {isa = PBXBuildFile; fileRef = E53CA980289E3979009FDAE6 /* Constants.swift */; };
		E53CA982289E3979009FDAE6 /* Constants.swift in Sources */ = {isa = PBXBuildFile; fileRef = E53CA980289E3979009FDAE6 /* Constants.swift */; };
		E54B013029FC852F00F7F0A0 /* Int+OrZero.swift in Sources */ = {isa = PBXBuildFile; fileRef = E54B012F29FC852F00F7F0A0 /* Int+OrZero.swift */; };
		E54B013129FC852F00F7F0A0 /* Int+OrZero.swift in Sources */ = {isa = PBXBuildFile; fileRef = E54B012F29FC852F00F7F0A0 /* Int+OrZero.swift */; };
		E54B013A29FC9FB500F7F0A0 /* View+ShareSheet.swift in Sources */ = {isa = PBXBuildFile; fileRef = E54B013929FC9FB500F7F0A0 /* View+ShareSheet.swift */; };
		E54B013B29FC9FB500F7F0A0 /* View+ShareSheet.swift in Sources */ = {isa = PBXBuildFile; fileRef = E54B013929FC9FB500F7F0A0 /* View+ShareSheet.swift */; };
		E54B013E29FE302100F7F0A0 /* AlertToast in Frameworks */ = {isa = PBXBuildFile; productRef = E54B013D29FE302100F7F0A0 /* AlertToast */; };
		E54B014329FE33FE00F7F0A0 /* HapticFeedbackService.swift in Sources */ = {isa = PBXBuildFile; fileRef = E54B014229FE33FE00F7F0A0 /* HapticFeedbackService.swift */; };
		E54B014429FE33FE00F7F0A0 /* HapticFeedbackService.swift in Sources */ = {isa = PBXBuildFile; fileRef = E54B014229FE33FE00F7F0A0 /* HapticFeedbackService.swift */; };
		E55E8FD429FEF5D100EE2F89 /* User.swift in Sources */ = {isa = PBXBuildFile; fileRef = E55E8FD329FEF5D100EE2F89 /* User.swift */; };
		E55E8FD529FEF5D100EE2F89 /* User.swift in Sources */ = {isa = PBXBuildFile; fileRef = E55E8FD329FEF5D100EE2F89 /* User.swift */; };
		E55E8FD629FEF5D100EE2F89 /* User.swift in Sources */ = {isa = PBXBuildFile; fileRef = E55E8FD329FEF5D100EE2F89 /* User.swift */; };
		E55E8FD729FEF5D100EE2F89 /* User.swift in Sources */ = {isa = PBXBuildFile; fileRef = E55E8FD329FEF5D100EE2F89 /* User.swift */; };
		E5687FA8289DC23500901F1F /* AuthRepository.swift in Sources */ = {isa = PBXBuildFile; fileRef = E5687FA7289DC23500901F1F /* AuthRepository.swift */; };
		E5687FA9289DC23500901F1F /* AuthRepository.swift in Sources */ = {isa = PBXBuildFile; fileRef = E5687FA7289DC23500901F1F /* AuthRepository.swift */; };
		E5687FAA289DC23500901F1F /* AuthRepository.swift in Sources */ = {isa = PBXBuildFile; fileRef = E5687FA7289DC23500901F1F /* AuthRepository.swift */; };
		E5687FAB289DC23500901F1F /* AuthRepository.swift in Sources */ = {isa = PBXBuildFile; fileRef = E5687FA7289DC23500901F1F /* AuthRepository.swift */; };
		E5687FAD289E194A00901F1F /* TextView.swift in Sources */ = {isa = PBXBuildFile; fileRef = E5687FAC289E194A00901F1F /* TextView.swift */; };
		E5687FAE289E194A00901F1F /* TextView.swift in Sources */ = {isa = PBXBuildFile; fileRef = E5687FAC289E194A00901F1F /* TextView.swift */; };
		E5687FAF289E194A00901F1F /* TextView.swift in Sources */ = {isa = PBXBuildFile; fileRef = E5687FAC289E194A00901F1F /* TextView.swift */; };
		E5687FB0289E194A00901F1F /* TextView.swift in Sources */ = {isa = PBXBuildFile; fileRef = E5687FAC289E194A00901F1F /* TextView.swift */; };
		E56C06C0288679E900D4E685 /* Alamofire in Frameworks */ = {isa = PBXBuildFile; productRef = E56C06BF288679E900D4E685 /* Alamofire */; };
		E56C06C228867B1100D4E685 /* StoryType.swift in Sources */ = {isa = PBXBuildFile; fileRef = E56C06C128867B1100D4E685 /* StoryType.swift */; };
		E56C06C328867B1100D4E685 /* StoryType.swift in Sources */ = {isa = PBXBuildFile; fileRef = E56C06C128867B1100D4E685 /* StoryType.swift */; };
		E56C06C428867B1100D4E685 /* StoryType.swift in Sources */ = {isa = PBXBuildFile; fileRef = E56C06C128867B1100D4E685 /* StoryType.swift */; };
		E56C06C528867B1100D4E685 /* StoryType.swift in Sources */ = {isa = PBXBuildFile; fileRef = E56C06C128867B1100D4E685 /* StoryType.swift */; };
		E587CEFF2893914600299CE0 /* Comment.swift in Sources */ = {isa = PBXBuildFile; fileRef = E587CEFE2893914600299CE0 /* Comment.swift */; };
		E587CF002893914600299CE0 /* Comment.swift in Sources */ = {isa = PBXBuildFile; fileRef = E587CEFE2893914600299CE0 /* Comment.swift */; };
		E587CF012893914600299CE0 /* Comment.swift in Sources */ = {isa = PBXBuildFile; fileRef = E587CEFE2893914600299CE0 /* Comment.swift */; };
		E587CF022893914600299CE0 /* Comment.swift in Sources */ = {isa = PBXBuildFile; fileRef = E587CEFE2893914600299CE0 /* Comment.swift */; };
		E5E048D0289F69D700702733 /* AuthButton.swift in Sources */ = {isa = PBXBuildFile; fileRef = E5E048CF289F69D700702733 /* AuthButton.swift */; };
		E5E048D1289F69D700702733 /* AuthButton.swift in Sources */ = {isa = PBXBuildFile; fileRef = E5E048CF289F69D700702733 /* AuthButton.swift */; };
		E5E048D3289F6DA000702733 /* UIApplication+KeyWindow.swift in Sources */ = {isa = PBXBuildFile; fileRef = E5E048D2289F6DA000702733 /* UIApplication+KeyWindow.swift */; };
		E5E048D4289F6DA000702733 /* UIApplication+KeyWindow.swift in Sources */ = {isa = PBXBuildFile; fileRef = E5E048D2289F6DA000702733 /* UIApplication+KeyWindow.swift */; };
		E5E048D6289F72D700702733 /* View+ConditionalModifier.swift in Sources */ = {isa = PBXBuildFile; fileRef = E5E048D5289F72D700702733 /* View+ConditionalModifier.swift */; };
		E5E048D7289F72D700702733 /* View+ConditionalModifier.swift in Sources */ = {isa = PBXBuildFile; fileRef = E5E048D5289F72D700702733 /* View+ConditionalModifier.swift */; };
		E5E048D9289F737700702733 /* BoolExtension.swift in Sources */ = {isa = PBXBuildFile; fileRef = E5E048D8289F737700702733 /* BoolExtension.swift */; };
		E5E048DA289F737700702733 /* BoolExtension.swift in Sources */ = {isa = PBXBuildFile; fileRef = E5E048D8289F737700702733 /* BoolExtension.swift */; };
		E5E048DC289F86D400702733 /* ReplyView.swift in Sources */ = {isa = PBXBuildFile; fileRef = E5E048DB289F86D400702733 /* ReplyView.swift */; };
		E5E048DD289F86D400702733 /* ReplyView.swift in Sources */ = {isa = PBXBuildFile; fileRef = E5E048DB289F86D400702733 /* ReplyView.swift */; };
		E5EF2CC7289C6CFF00AA5290 /* LoadingIndicator.swift in Sources */ = {isa = PBXBuildFile; fileRef = E5EF2CC6289C6CFF00AA5290 /* LoadingIndicator.swift */; };
		E5EF2CC8289C6CFF00AA5290 /* LoadingIndicator.swift in Sources */ = {isa = PBXBuildFile; fileRef = E5EF2CC6289C6CFF00AA5290 /* LoadingIndicator.swift */; };
		E5EF2CCB289C6F8C00AA5290 /* StringExtension.swift in Sources */ = {isa = PBXBuildFile; fileRef = E5EF2CCA289C6F8C00AA5290 /* StringExtension.swift */; };
		E5EF2CCC289C6F8C00AA5290 /* StringExtension.swift in Sources */ = {isa = PBXBuildFile; fileRef = E5EF2CCA289C6F8C00AA5290 /* StringExtension.swift */; };
		E5EF2CCE289C71CC00AA5290 /* ArrayExtension.swift in Sources */ = {isa = PBXBuildFile; fileRef = E5EF2CCD289C71CC00AA5290 /* ArrayExtension.swift */; };
		E5EF2CCF289C71CC00AA5290 /* ArrayExtension.swift in Sources */ = {isa = PBXBuildFile; fileRef = E5EF2CCD289C71CC00AA5290 /* ArrayExtension.swift */; };
		E5EF2CD2289C771200AA5290 /* Comparable+Clamped.swift in Sources */ = {isa = PBXBuildFile; fileRef = E5EF2CD1289C771200AA5290 /* Comparable+Clamped.swift */; };
		E5EF2CD3289C771200AA5290 /* Comparable+Clamped.swift in Sources */ = {isa = PBXBuildFile; fileRef = E5EF2CD1289C771200AA5290 /* Comparable+Clamped.swift */; };
		E5EF2CD5289C773000AA5290 /* View+ContextMenu.swift in Sources */ = {isa = PBXBuildFile; fileRef = E5EF2CD4289C773000AA5290 /* View+ContextMenu.swift */; };
		E5EF2CD6289C773000AA5290 /* View+ContextMenu.swift in Sources */ = {isa = PBXBuildFile; fileRef = E5EF2CD4289C773000AA5290 /* View+ContextMenu.swift */; };
		E5EF2CD8289C777A00AA5290 /* ContextMenu.swift in Sources */ = {isa = PBXBuildFile; fileRef = E5EF2CD7289C777A00AA5290 /* ContextMenu.swift */; };
		E5EF2CD9289C777A00AA5290 /* ContextMenu.swift in Sources */ = {isa = PBXBuildFile; fileRef = E5EF2CD7289C777A00AA5290 /* ContextMenu.swift */; };
		E5EF2CDB289C77C200AA5290 /* ScaleButtonStyle.swift in Sources */ = {isa = PBXBuildFile; fileRef = E5EF2CDA289C77C200AA5290 /* ScaleButtonStyle.swift */; };
		E5EF2CDC289C77C200AA5290 /* ScaleButtonStyle.swift in Sources */ = {isa = PBXBuildFile; fileRef = E5EF2CDA289C77C200AA5290 /* ScaleButtonStyle.swift */; };
		E5EF2CDE289C780D00AA5290 /* Status.swift in Sources */ = {isa = PBXBuildFile; fileRef = E5EF2CDD289C780D00AA5290 /* Status.swift */; };
		E5EF2CDF289C780D00AA5290 /* Status.swift in Sources */ = {isa = PBXBuildFile; fileRef = E5EF2CDD289C780D00AA5290 /* Status.swift */; };
		E5EF2CE1289C782A00AA5290 /* WebView.swift in Sources */ = {isa = PBXBuildFile; fileRef = E5EF2CE0289C782A00AA5290 /* WebView.swift */; };
		E5EF2CE2289C782A00AA5290 /* WebView.swift in Sources */ = {isa = PBXBuildFile; fileRef = E5EF2CE0289C782A00AA5290 /* WebView.swift */; };
		E5EF2CE4289C783F00AA5290 /* CustomText.swift in Sources */ = {isa = PBXBuildFile; fileRef = E5EF2CE3289C783F00AA5290 /* CustomText.swift */; };
		E5EF2CE5289C783F00AA5290 /* CustomText.swift in Sources */ = {isa = PBXBuildFile; fileRef = E5EF2CE3289C783F00AA5290 /* CustomText.swift */; };
		E5EF2CE7289C789300AA5290 /* ItemStore.swift in Sources */ = {isa = PBXBuildFile; fileRef = E5EF2CE6289C789300AA5290 /* ItemStore.swift */; };
		E5EF2CE8289C789300AA5290 /* ItemStore.swift in Sources */ = {isa = PBXBuildFile; fileRef = E5EF2CE6289C789300AA5290 /* ItemStore.swift */; };
		E5EF2CF3289CA58100AA5290 /* View+Modifiers.swift in Sources */ = {isa = PBXBuildFile; fileRef = E5EF2CF2289CA58100AA5290 /* View+Modifiers.swift */; };
		E5EF2CF4289CA58100AA5290 /* View+Modifiers.swift in Sources */ = {isa = PBXBuildFile; fileRef = E5EF2CF2289CA58100AA5290 /* View+Modifiers.swift */; };
		E5EF2CF6289CA6CC00AA5290 /* Date+TimeAgoString.swift in Sources */ = {isa = PBXBuildFile; fileRef = E5EF2CF5289CA6CC00AA5290 /* Date+TimeAgoString.swift */; };
		E5EF2CF7289CA6CC00AA5290 /* Date+TimeAgoString.swift in Sources */ = {isa = PBXBuildFile; fileRef = E5EF2CF5289CA6CC00AA5290 /* Date+TimeAgoString.swift */; };
/* End PBXBuildFile section */

/* Begin PBXContainerItemProxy section */
		E50FB9E02886738D00AA325C /* PBXContainerItemProxy */ = {
			isa = PBXContainerItemProxy;
			containerPortal = E50FB9C32886738B00AA325C /* Project object */;
			proxyType = 1;
			remoteGlobalIDString = E50FB9D12886738D00AA325C;
			remoteInfo = "ZCombinator (iOS)";
		};
		E50FB9EC2886738D00AA325C /* PBXContainerItemProxy */ = {
			isa = PBXContainerItemProxy;
			containerPortal = E50FB9C32886738B00AA325C /* Project object */;
			proxyType = 1;
			remoteGlobalIDString = E50FB9D72886738D00AA325C;
			remoteInfo = "ZCombinator (macOS)";
		};
/* End PBXContainerItemProxy section */

/* Begin PBXFileReference section */
		E500F9672892659B00080EAF /* StoryStore.swift */ = {isa = PBXFileReference; lastKnownFileType = sourcecode.swift; path = StoryStore.swift; sourceTree = "<group>"; };
		E500F96A289266EF00080EAF /* LinkView.swift */ = {isa = PBXFileReference; lastKnownFileType = sourcecode.swift; path = LinkView.swift; sourceTree = "<group>"; };
		E50FB9C92886738B00AA325C /* Shared.xcdatamodel */ = {isa = PBXFileReference; lastKnownFileType = wrapper.xcdatamodel; path = Shared.xcdatamodel; sourceTree = "<group>"; };
		E50FB9CA2886738B00AA325C /* ZCombinatorApp.swift */ = {isa = PBXFileReference; lastKnownFileType = sourcecode.swift; path = ZCombinatorApp.swift; sourceTree = "<group>"; };
		E50FB9CB2886738B00AA325C /* HomeView.swift */ = {isa = PBXFileReference; lastKnownFileType = sourcecode.swift; path = HomeView.swift; sourceTree = "<group>"; };
		E50FB9CD2886738D00AA325C /* Assets.xcassets */ = {isa = PBXFileReference; lastKnownFileType = folder.assetcatalog; path = Assets.xcassets; sourceTree = "<group>"; };
		E50FB9D22886738D00AA325C /* ZCombinator.app */ = {isa = PBXFileReference; explicitFileType = wrapper.application; includeInIndex = 0; path = ZCombinator.app; sourceTree = BUILT_PRODUCTS_DIR; };
		E50FB9D82886738D00AA325C /* ZCombinator.app */ = {isa = PBXFileReference; explicitFileType = wrapper.application; includeInIndex = 0; path = ZCombinator.app; sourceTree = BUILT_PRODUCTS_DIR; };
		E50FB9DA2886738D00AA325C /* macOS.entitlements */ = {isa = PBXFileReference; lastKnownFileType = text.plist.entitlements; path = macOS.entitlements; sourceTree = "<group>"; };
		E50FB9DF2886738D00AA325C /* Tests iOS.xctest */ = {isa = PBXFileReference; explicitFileType = wrapper.cfbundle; includeInIndex = 0; path = "Tests iOS.xctest"; sourceTree = BUILT_PRODUCTS_DIR; };
		E50FB9E32886738D00AA325C /* Tests_iOS.swift */ = {isa = PBXFileReference; lastKnownFileType = sourcecode.swift; path = Tests_iOS.swift; sourceTree = "<group>"; };
		E50FB9E52886738D00AA325C /* Tests_iOSLaunchTests.swift */ = {isa = PBXFileReference; lastKnownFileType = sourcecode.swift; path = Tests_iOSLaunchTests.swift; sourceTree = "<group>"; };
		E50FB9EB2886738D00AA325C /* Tests macOS.xctest */ = {isa = PBXFileReference; explicitFileType = wrapper.cfbundle; includeInIndex = 0; path = "Tests macOS.xctest"; sourceTree = BUILT_PRODUCTS_DIR; };
		E50FB9EF2886738D00AA325C /* Tests_macOS.swift */ = {isa = PBXFileReference; lastKnownFileType = sourcecode.swift; path = Tests_macOS.swift; sourceTree = "<group>"; };
		E50FB9F12886738D00AA325C /* Tests_macOSLaunchTests.swift */ = {isa = PBXFileReference; lastKnownFileType = sourcecode.swift; path = Tests_macOSLaunchTests.swift; sourceTree = "<group>"; };
		E50FBA0D288673B400AA325C /* Item.swift */ = {isa = PBXFileReference; lastKnownFileType = sourcecode.swift; path = Item.swift; sourceTree = "<group>"; };
		E50FBA10288674B100AA325C /* Story.swift */ = {isa = PBXFileReference; lastKnownFileType = sourcecode.swift; path = Story.swift; sourceTree = "<group>"; };
		E50FBA19288676CE00AA325C /* StoriesRepository.swift */ = {isa = PBXFileReference; lastKnownFileType = sourcecode.swift; path = StoriesRepository.swift; sourceTree = "<group>"; };
		E51C9DA2289F2EF4001EA8E8 /* Authentication.swift */ = {isa = PBXFileReference; lastKnownFileType = sourcecode.swift; path = Authentication.swift; sourceTree = "<group>"; };
		E52134BF28877C06005CFB77 /* StoryRow.swift */ = {isa = PBXFileReference; lastKnownFileType = sourcecode.swift; path = StoryRow.swift; sourceTree = "<group>"; };
		E52134C228877ED7005CFB77 /* ItemView.swift */ = {isa = PBXFileReference; lastKnownFileType = sourcecode.swift; path = ItemView.swift; sourceTree = "<group>"; };
		E526555E2887E28800D0B79A /* SafariView.swift */ = {isa = PBXFileReference; lastKnownFileType = sourcecode.swift; path = SafariView.swift; sourceTree = "<group>"; };
		E53CA980289E3979009FDAE6 /* Constants.swift */ = {isa = PBXFileReference; lastKnownFileType = sourcecode.swift; path = Constants.swift; sourceTree = "<group>"; };
		E54B012F29FC852F00F7F0A0 /* Int+OrZero.swift */ = {isa = PBXFileReference; lastKnownFileType = sourcecode.swift; path = "Int+OrZero.swift"; sourceTree = "<group>"; };
		E54B013929FC9FB500F7F0A0 /* View+ShareSheet.swift */ = {isa = PBXFileReference; lastKnownFileType = sourcecode.swift; path = "View+ShareSheet.swift"; sourceTree = "<group>"; };
		E54B014229FE33FE00F7F0A0 /* HapticFeedbackService.swift */ = {isa = PBXFileReference; lastKnownFileType = sourcecode.swift; path = HapticFeedbackService.swift; sourceTree = "<group>"; };
		E54B014529FE373100F7F0A0 /* ZCombinator--iOS--Info.plist */ = {isa = PBXFileReference; lastKnownFileType = text.plist; path = "ZCombinator--iOS--Info.plist"; sourceTree = "<group>"; };
		E55E8FD329FEF5D100EE2F89 /* User.swift */ = {isa = PBXFileReference; lastKnownFileType = sourcecode.swift; path = User.swift; sourceTree = "<group>"; };
		E5687FA7289DC23500901F1F /* AuthRepository.swift */ = {isa = PBXFileReference; lastKnownFileType = sourcecode.swift; path = AuthRepository.swift; sourceTree = "<group>"; };
		E5687FAC289E194A00901F1F /* TextView.swift */ = {isa = PBXFileReference; lastKnownFileType = sourcecode.swift; path = TextView.swift; sourceTree = "<group>"; };
		E56C06C128867B1100D4E685 /* StoryType.swift */ = {isa = PBXFileReference; lastKnownFileType = sourcecode.swift; path = StoryType.swift; sourceTree = "<group>"; };
		E587CEFE2893914600299CE0 /* Comment.swift */ = {isa = PBXFileReference; lastKnownFileType = sourcecode.swift; path = Comment.swift; sourceTree = "<group>"; };
		E5E048CF289F69D700702733 /* AuthButton.swift */ = {isa = PBXFileReference; lastKnownFileType = sourcecode.swift; path = AuthButton.swift; sourceTree = "<group>"; };
		E5E048D2289F6DA000702733 /* UIApplication+KeyWindow.swift */ = {isa = PBXFileReference; lastKnownFileType = sourcecode.swift; path = "UIApplication+KeyWindow.swift"; sourceTree = "<group>"; };
		E5E048D5289F72D700702733 /* View+ConditionalModifier.swift */ = {isa = PBXFileReference; lastKnownFileType = sourcecode.swift; path = "View+ConditionalModifier.swift"; sourceTree = "<group>"; };
		E5E048D8289F737700702733 /* BoolExtension.swift */ = {isa = PBXFileReference; lastKnownFileType = sourcecode.swift; path = BoolExtension.swift; sourceTree = "<group>"; };
		E5E048DB289F86D400702733 /* ReplyView.swift */ = {isa = PBXFileReference; lastKnownFileType = sourcecode.swift; path = ReplyView.swift; sourceTree = "<group>"; };
		E5EF2CC6289C6CFF00AA5290 /* LoadingIndicator.swift */ = {isa = PBXFileReference; lastKnownFileType = sourcecode.swift; path = LoadingIndicator.swift; sourceTree = "<group>"; };
		E5EF2CCA289C6F8C00AA5290 /* StringExtension.swift */ = {isa = PBXFileReference; lastKnownFileType = sourcecode.swift; path = StringExtension.swift; sourceTree = "<group>"; };
		E5EF2CCD289C71CC00AA5290 /* ArrayExtension.swift */ = {isa = PBXFileReference; lastKnownFileType = sourcecode.swift; path = ArrayExtension.swift; sourceTree = "<group>"; };
		E5EF2CD1289C771200AA5290 /* Comparable+Clamped.swift */ = {isa = PBXFileReference; lastKnownFileType = sourcecode.swift; path = "Comparable+Clamped.swift"; sourceTree = "<group>"; };
		E5EF2CD4289C773000AA5290 /* View+ContextMenu.swift */ = {isa = PBXFileReference; lastKnownFileType = sourcecode.swift; path = "View+ContextMenu.swift"; sourceTree = "<group>"; };
		E5EF2CD7289C777A00AA5290 /* ContextMenu.swift */ = {isa = PBXFileReference; lastKnownFileType = sourcecode.swift; path = ContextMenu.swift; sourceTree = "<group>"; };
		E5EF2CDA289C77C200AA5290 /* ScaleButtonStyle.swift */ = {isa = PBXFileReference; lastKnownFileType = sourcecode.swift; path = ScaleButtonStyle.swift; sourceTree = "<group>"; };
		E5EF2CDD289C780D00AA5290 /* Status.swift */ = {isa = PBXFileReference; lastKnownFileType = sourcecode.swift; path = Status.swift; sourceTree = "<group>"; };
		E5EF2CE0289C782A00AA5290 /* WebView.swift */ = {isa = PBXFileReference; lastKnownFileType = sourcecode.swift; path = WebView.swift; sourceTree = "<group>"; };
		E5EF2CE3289C783F00AA5290 /* CustomText.swift */ = {isa = PBXFileReference; lastKnownFileType = sourcecode.swift; path = CustomText.swift; sourceTree = "<group>"; };
		E5EF2CE6289C789300AA5290 /* ItemStore.swift */ = {isa = PBXFileReference; lastKnownFileType = sourcecode.swift; path = ItemStore.swift; sourceTree = "<group>"; };
		E5EF2CF2289CA58100AA5290 /* View+Modifiers.swift */ = {isa = PBXFileReference; lastKnownFileType = sourcecode.swift; path = "View+Modifiers.swift"; sourceTree = "<group>"; };
		E5EF2CF5289CA6CC00AA5290 /* Date+TimeAgoString.swift */ = {isa = PBXFileReference; lastKnownFileType = sourcecode.swift; path = "Date+TimeAgoString.swift"; sourceTree = "<group>"; };
/* End PBXFileReference section */

/* Begin PBXFrameworksBuildPhase section */
		E50FB9CF2886738D00AA325C /* Frameworks */ = {
			isa = PBXFrameworksBuildPhase;
			buildActionMask = 2147483647;
			files = (
				E56C06C0288679E900D4E685 /* Alamofire in Frameworks */,
				E54B013E29FE302100F7F0A0 /* AlertToast in Frameworks */,
			);
			runOnlyForDeploymentPostprocessing = 0;
		};
		E50FB9D52886738D00AA325C /* Frameworks */ = {
			isa = PBXFrameworksBuildPhase;
			buildActionMask = 2147483647;
			files = (
				E52134B728877030005CFB77 /* Alamofire in Frameworks */,
			);
			runOnlyForDeploymentPostprocessing = 0;
		};
		E50FB9DC2886738D00AA325C /* Frameworks */ = {
			isa = PBXFrameworksBuildPhase;
			buildActionMask = 2147483647;
			files = (
			);
			runOnlyForDeploymentPostprocessing = 0;
		};
		E50FB9E82886738D00AA325C /* Frameworks */ = {
			isa = PBXFrameworksBuildPhase;
			buildActionMask = 2147483647;
			files = (
			);
			runOnlyForDeploymentPostprocessing = 0;
		};
/* End PBXFrameworksBuildPhase section */

/* Begin PBXGroup section */
		E50FB9C22886738B00AA325C = {
			isa = PBXGroup;
			children = (
				E54B014529FE373100F7F0A0 /* ZCombinator--iOS--Info.plist */,
				E50FB9C72886738B00AA325C /* Shared */,
				E50FB9D92886738D00AA325C /* macOS */,
				E50FB9E22886738D00AA325C /* Tests iOS */,
				E50FB9EE2886738D00AA325C /* Tests macOS */,
				E50FB9D32886738D00AA325C /* Products */,
				E52134B528877030005CFB77 /* Frameworks */,
			);
			sourceTree = "<group>";
		};
		E50FB9C72886738B00AA325C /* Shared */ = {
			isa = PBXGroup;
			children = (
				E5EF2CD0289C760700AA5290 /* Utilities */,
				E5EF2CC9289C6F7300AA5290 /* Extensions */,
				E50FBA18288676A900AA325C /* Repositories */,
				E50FBA0C288673A100AA325C /* Views */,
				E50FBA0B2886739900AA325C /* Models */,
				E50FB9CA2886738B00AA325C /* ZCombinatorApp.swift */,
				E50FB9CD2886738D00AA325C /* Assets.xcassets */,
				E50FB9C82886738B00AA325C /* ZCombinator.xcdatamodeld */,
			);
			path = Shared;
			sourceTree = "<group>";
		};
		E50FB9D32886738D00AA325C /* Products */ = {
			isa = PBXGroup;
			children = (
				E50FB9D22886738D00AA325C /* ZCombinator.app */,
				E50FB9D82886738D00AA325C /* ZCombinator.app */,
				E50FB9DF2886738D00AA325C /* Tests iOS.xctest */,
				E50FB9EB2886738D00AA325C /* Tests macOS.xctest */,
			);
			name = Products;
			sourceTree = "<group>";
		};
		E50FB9D92886738D00AA325C /* macOS */ = {
			isa = PBXGroup;
			children = (
				E50FB9DA2886738D00AA325C /* macOS.entitlements */,
			);
			path = macOS;
			sourceTree = "<group>";
		};
		E50FB9E22886738D00AA325C /* Tests iOS */ = {
			isa = PBXGroup;
			children = (
				E50FB9E32886738D00AA325C /* Tests_iOS.swift */,
				E50FB9E52886738D00AA325C /* Tests_iOSLaunchTests.swift */,
			);
			path = "Tests iOS";
			sourceTree = "<group>";
		};
		E50FB9EE2886738D00AA325C /* Tests macOS */ = {
			isa = PBXGroup;
			children = (
				E50FB9EF2886738D00AA325C /* Tests_macOS.swift */,
				E50FB9F12886738D00AA325C /* Tests_macOSLaunchTests.swift */,
			);
			path = "Tests macOS";
			sourceTree = "<group>";
		};
		E50FBA0B2886739900AA325C /* Models */ = {
			isa = PBXGroup;
			children = (
				E51C9DA2289F2EF4001EA8E8 /* Authentication.swift */,
				E5EF2CE6289C789300AA5290 /* ItemStore.swift */,
				E500F9672892659B00080EAF /* StoryStore.swift */,
				E555186E299CB21A00F797A7 /* Data */,
			);
			path = Models;
			sourceTree = "<group>";
		};
		E50FBA0C288673A100AA325C /* Views */ = {
			isa = PBXGroup;
			children = (
				E54B013529FC952400F7F0A0 /* Widgets */,
				E52134C228877ED7005CFB77 /* ItemView.swift */,
				E50FB9CB2886738B00AA325C /* HomeView.swift */,
			);
			path = Views;
			sourceTree = "<group>";
		};
		E50FBA18288676A900AA325C /* Repositories */ = {
			isa = PBXGroup;
			children = (
				E50FBA19288676CE00AA325C /* StoriesRepository.swift */,
				E5687FA7289DC23500901F1F /* AuthRepository.swift */,
			);
			path = Repositories;
			sourceTree = "<group>";
		};
		E52134B528877030005CFB77 /* Frameworks */ = {
			isa = PBXGroup;
			children = (
			);
			name = Frameworks;
			sourceTree = "<group>";
		};
		E54B013529FC952400F7F0A0 /* Widgets */ = {
			isa = PBXGroup;
			children = (
				E52134BF28877C06005CFB77 /* StoryRow.swift */,
				E5EF2CE3289C783F00AA5290 /* CustomText.swift */,
				E500F96A289266EF00080EAF /* LinkView.swift */,
				E5EF2CC6289C6CFF00AA5290 /* LoadingIndicator.swift */,
				E526555E2887E28800D0B79A /* SafariView.swift */,
				E5EF2CD7289C777A00AA5290 /* ContextMenu.swift */,
				E5EF2CDA289C77C200AA5290 /* ScaleButtonStyle.swift */,
				E5687FAC289E194A00901F1F /* TextView.swift */,
				E5E048CF289F69D700702733 /* AuthButton.swift */,
				E5E048DB289F86D400702733 /* ReplyView.swift */,
				E5EF2CE0289C782A00AA5290 /* WebView.swift */,
			);
			path = Widgets;
			sourceTree = "<group>";
		};
		E555186E299CB21A00F797A7 /* Data */ = {
			isa = PBXGroup;
			children = (
				E5EF2CDD289C780D00AA5290 /* Status.swift */,
				E587CEFE2893914600299CE0 /* Comment.swift */,
				E56C06C128867B1100D4E685 /* StoryType.swift */,
				E50FBA10288674B100AA325C /* Story.swift */,
				E50FBA0D288673B400AA325C /* Item.swift */,
				E55E8FD329FEF5D100EE2F89 /* User.swift */,
			);
			path = Data;
			sourceTree = "<group>";
		};
		E5EF2CC9289C6F7300AA5290 /* Extensions */ = {
			isa = PBXGroup;
			children = (
				E5EF2CCA289C6F8C00AA5290 /* StringExtension.swift */,
				E5EF2CCD289C71CC00AA5290 /* ArrayExtension.swift */,
				E5EF2CD1289C771200AA5290 /* Comparable+Clamped.swift */,
				E5EF2CD4289C773000AA5290 /* View+ContextMenu.swift */,
				E5EF2CF2289CA58100AA5290 /* View+Modifiers.swift */,
				E5EF2CF5289CA6CC00AA5290 /* Date+TimeAgoString.swift */,
				E5E048D2289F6DA000702733 /* UIApplication+KeyWindow.swift */,
				E5E048D5289F72D700702733 /* View+ConditionalModifier.swift */,
				E5E048D8289F737700702733 /* BoolExtension.swift */,
				E54B012F29FC852F00F7F0A0 /* Int+OrZero.swift */,
				E54B013929FC9FB500F7F0A0 /* View+ShareSheet.swift */,
			);
			path = Extensions;
			sourceTree = "<group>";
		};
		E5EF2CD0289C760700AA5290 /* Utilities */ = {
			isa = PBXGroup;
			children = (
				E53CA980289E3979009FDAE6 /* Constants.swift */,
				E54B014229FE33FE00F7F0A0 /* HapticFeedbackService.swift */,
			);
			path = Utilities;
			sourceTree = "<group>";
		};
/* End PBXGroup section */

/* Begin PBXNativeTarget section */
		E50FB9D12886738D00AA325C /* ZCombinator (iOS) */ = {
			isa = PBXNativeTarget;
			buildConfigurationList = E50FB9FF2886738D00AA325C /* Build configuration list for PBXNativeTarget "ZCombinator (iOS)" */;
			buildPhases = (
				E50FB9CE2886738D00AA325C /* Sources */,
				E50FB9CF2886738D00AA325C /* Frameworks */,
				E50FB9D02886738D00AA325C /* Resources */,
			);
			buildRules = (
			);
			dependencies = (
			);
			name = "ZCombinator (iOS)";
			packageProductDependencies = (
				E56C06BF288679E900D4E685 /* Alamofire */,
				E54B013D29FE302100F7F0A0 /* AlertToast */,
			);
			productName = "ZCombinator (iOS)";
			productReference = E50FB9D22886738D00AA325C /* ZCombinator.app */;
			productType = "com.apple.product-type.application";
		};
		E50FB9D72886738D00AA325C /* ZCombinator (macOS) */ = {
			isa = PBXNativeTarget;
			buildConfigurationList = E50FBA022886738D00AA325C /* Build configuration list for PBXNativeTarget "ZCombinator (macOS)" */;
			buildPhases = (
				E50FB9D42886738D00AA325C /* Sources */,
				E50FB9D52886738D00AA325C /* Frameworks */,
				E50FB9D62886738D00AA325C /* Resources */,
			);
			buildRules = (
			);
			dependencies = (
			);
			name = "ZCombinator (macOS)";
			packageProductDependencies = (
				E52134B628877030005CFB77 /* Alamofire */,
			);
			productName = "ZCombinator (macOS)";
			productReference = E50FB9D82886738D00AA325C /* ZCombinator.app */;
			productType = "com.apple.product-type.application";
		};
		E50FB9DE2886738D00AA325C /* Tests iOS */ = {
			isa = PBXNativeTarget;
			buildConfigurationList = E50FBA052886738D00AA325C /* Build configuration list for PBXNativeTarget "Tests iOS" */;
			buildPhases = (
				E50FB9DB2886738D00AA325C /* Sources */,
				E50FB9DC2886738D00AA325C /* Frameworks */,
				E50FB9DD2886738D00AA325C /* Resources */,
			);
			buildRules = (
			);
			dependencies = (
				E50FB9E12886738D00AA325C /* PBXTargetDependency */,
			);
			name = "Tests iOS";
			productName = "Tests iOS";
			productReference = E50FB9DF2886738D00AA325C /* Tests iOS.xctest */;
			productType = "com.apple.product-type.bundle.ui-testing";
		};
		E50FB9EA2886738D00AA325C /* Tests macOS */ = {
			isa = PBXNativeTarget;
			buildConfigurationList = E50FBA082886738D00AA325C /* Build configuration list for PBXNativeTarget "Tests macOS" */;
			buildPhases = (
				E50FB9E72886738D00AA325C /* Sources */,
				E50FB9E82886738D00AA325C /* Frameworks */,
				E50FB9E92886738D00AA325C /* Resources */,
			);
			buildRules = (
			);
			dependencies = (
				E50FB9ED2886738D00AA325C /* PBXTargetDependency */,
			);
			name = "Tests macOS";
			productName = "Tests macOS";
			productReference = E50FB9EB2886738D00AA325C /* Tests macOS.xctest */;
			productType = "com.apple.product-type.bundle.ui-testing";
		};
/* End PBXNativeTarget section */

/* Begin PBXProject section */
		E50FB9C32886738B00AA325C /* Project object */ = {
			isa = PBXProject;
			attributes = {
				BuildIndependentTargetsInParallel = 1;
				LastSwiftUpdateCheck = 1340;
				LastUpgradeCheck = 1400;
				TargetAttributes = {
					E50FB9D12886738D00AA325C = {
						CreatedOnToolsVersion = 13.4.1;
					};
					E50FB9D72886738D00AA325C = {
						CreatedOnToolsVersion = 13.4.1;
					};
					E50FB9DE2886738D00AA325C = {
						CreatedOnToolsVersion = 13.4.1;
						TestTargetID = E50FB9D12886738D00AA325C;
					};
					E50FB9EA2886738D00AA325C = {
						CreatedOnToolsVersion = 13.4.1;
						TestTargetID = E50FB9D72886738D00AA325C;
					};
				};
			};
			buildConfigurationList = E50FB9C62886738B00AA325C /* Build configuration list for PBXProject "ZCombinator" */;
			compatibilityVersion = "Xcode 13.0";
			developmentRegion = en;
			hasScannedForEncodings = 0;
			knownRegions = (
				en,
				Base,
			);
			mainGroup = E50FB9C22886738B00AA325C;
			packageReferences = (
				E56C06BE288679E900D4E685 /* XCRemoteSwiftPackageReference "Alamofire" */,
				E54B013C29FE302100F7F0A0 /* XCRemoteSwiftPackageReference "AlertToast" */,
			);
			productRefGroup = E50FB9D32886738D00AA325C /* Products */;
			projectDirPath = "";
			projectRoot = "";
			targets = (
				E50FB9D12886738D00AA325C /* ZCombinator (iOS) */,
				E50FB9D72886738D00AA325C /* ZCombinator (macOS) */,
				E50FB9DE2886738D00AA325C /* Tests iOS */,
				E50FB9EA2886738D00AA325C /* Tests macOS */,
			);
		};
/* End PBXProject section */

/* Begin PBXResourcesBuildPhase section */
		E50FB9D02886738D00AA325C /* Resources */ = {
			isa = PBXResourcesBuildPhase;
			buildActionMask = 2147483647;
			files = (
				E50FB9FB2886738D00AA325C /* Assets.xcassets in Resources */,
			);
			runOnlyForDeploymentPostprocessing = 0;
		};
		E50FB9D62886738D00AA325C /* Resources */ = {
			isa = PBXResourcesBuildPhase;
			buildActionMask = 2147483647;
			files = (
				E50FB9FC2886738D00AA325C /* Assets.xcassets in Resources */,
			);
			runOnlyForDeploymentPostprocessing = 0;
		};
		E50FB9DD2886738D00AA325C /* Resources */ = {
			isa = PBXResourcesBuildPhase;
			buildActionMask = 2147483647;
			files = (
			);
			runOnlyForDeploymentPostprocessing = 0;
		};
		E50FB9E92886738D00AA325C /* Resources */ = {
			isa = PBXResourcesBuildPhase;
			buildActionMask = 2147483647;
			files = (
			);
			runOnlyForDeploymentPostprocessing = 0;
		};
/* End PBXResourcesBuildPhase section */

/* Begin PBXSourcesBuildPhase section */
		E50FB9CE2886738D00AA325C /* Sources */ = {
			isa = PBXSourcesBuildPhase;
			buildActionMask = 2147483647;
			files = (
				E5EF2CE7289C789300AA5290 /* ItemStore.swift in Sources */,
				E5E048DC289F86D400702733 /* ReplyView.swift in Sources */,
				E52134C028877C06005CFB77 /* StoryRow.swift in Sources */,
				E5EF2CE1289C782A00AA5290 /* WebView.swift in Sources */,
				E5EF2CF6289CA6CC00AA5290 /* Date+TimeAgoString.swift in Sources */,
				E5EF2CF3289CA58100AA5290 /* View+Modifiers.swift in Sources */,
				E53CA981289E3979009FDAE6 /* Constants.swift in Sources */,
				E5EF2CCE289C71CC00AA5290 /* ArrayExtension.swift in Sources */,
				E52134C328877ED7005CFB77 /* ItemView.swift in Sources */,
				E5E048D6289F72D700702733 /* View+ConditionalModifier.swift in Sources */,
				E5EF2CDB289C77C200AA5290 /* ScaleButtonStyle.swift in Sources */,
				E5EF2CCB289C6F8C00AA5290 /* StringExtension.swift in Sources */,
				E50FBA0E288673B400AA325C /* Item.swift in Sources */,
				E5E048D9289F737700702733 /* BoolExtension.swift in Sources */,
				E54B013029FC852F00F7F0A0 /* Int+OrZero.swift in Sources */,
				E5EF2CD2289C771200AA5290 /* Comparable+Clamped.swift in Sources */,
				E587CEFF2893914600299CE0 /* Comment.swift in Sources */,
				E50FB9F52886738D00AA325C /* ZCombinatorApp.swift in Sources */,
				E526555F2887E28800D0B79A /* SafariView.swift in Sources */,
				E5EF2CE4289C783F00AA5290 /* CustomText.swift in Sources */,
				E50FBA1A288676CE00AA325C /* StoriesRepository.swift in Sources */,
				E5EF2CD8289C777A00AA5290 /* ContextMenu.swift in Sources */,
				E5E048D0289F69D700702733 /* AuthButton.swift in Sources */,
				E5EF2CD5289C773000AA5290 /* View+ContextMenu.swift in Sources */,
				E5687FAD289E194A00901F1F /* TextView.swift in Sources */,
				E54B013A29FC9FB500F7F0A0 /* View+ShareSheet.swift in Sources */,
				E55E8FD429FEF5D100EE2F89 /* User.swift in Sources */,
				E50FB9F32886738D00AA325C /* ZCombinator.xcdatamodeld in Sources */,
				E54B014329FE33FE00F7F0A0 /* HapticFeedbackService.swift in Sources */,
				E5EF2CDE289C780D00AA5290 /* Status.swift in Sources */,
				E5E048D3289F6DA000702733 /* UIApplication+KeyWindow.swift in Sources */,
				E56C06C228867B1100D4E685 /* StoryType.swift in Sources */,
				E50FB9F72886738D00AA325C /* HomeView.swift in Sources */,
				E500F96B289266EF00080EAF /* LinkView.swift in Sources */,
				E51C9DA3289F2EF4001EA8E8 /* Authentication.swift in Sources */,
				E5EF2CC7289C6CFF00AA5290 /* LoadingIndicator.swift in Sources */,
				E5687FA8289DC23500901F1F /* AuthRepository.swift in Sources */,
				E500F9682892659B00080EAF /* StoryStore.swift in Sources */,
				E50FBA11288674B100AA325C /* Story.swift in Sources */,
			);
			runOnlyForDeploymentPostprocessing = 0;
		};
		E50FB9D42886738D00AA325C /* Sources */ = {
			isa = PBXSourcesBuildPhase;
			buildActionMask = 2147483647;
			files = (
				E5EF2CE8289C789300AA5290 /* ItemStore.swift in Sources */,
				E5E048DD289F86D400702733 /* ReplyView.swift in Sources */,
				E52134C128877C06005CFB77 /* StoryRow.swift in Sources */,
				E5EF2CE2289C782A00AA5290 /* WebView.swift in Sources */,
				E5EF2CF7289CA6CC00AA5290 /* Date+TimeAgoString.swift in Sources */,
				E5EF2CF4289CA58100AA5290 /* View+Modifiers.swift in Sources */,
				E53CA982289E3979009FDAE6 /* Constants.swift in Sources */,
				E5EF2CCF289C71CC00AA5290 /* ArrayExtension.swift in Sources */,
				E52134C428877ED7005CFB77 /* ItemView.swift in Sources */,
				E5E048D7289F72D700702733 /* View+ConditionalModifier.swift in Sources */,
				E5EF2CDC289C77C200AA5290 /* ScaleButtonStyle.swift in Sources */,
				E5EF2CCC289C6F8C00AA5290 /* StringExtension.swift in Sources */,
				E50FBA15288674CD00AA325C /* Item.swift in Sources */,
				E5E048DA289F737700702733 /* BoolExtension.swift in Sources */,
				E54B013129FC852F00F7F0A0 /* Int+OrZero.swift in Sources */,
				E5EF2CD3289C771200AA5290 /* Comparable+Clamped.swift in Sources */,
				E587CF002893914600299CE0 /* Comment.swift in Sources */,
				E52655602887E28800D0B79A /* SafariView.swift in Sources */,
				E50FB9F62886738D00AA325C /* ZCombinatorApp.swift in Sources */,
				E5EF2CE5289C783F00AA5290 /* CustomText.swift in Sources */,
				E50FBA1B288676CE00AA325C /* StoriesRepository.swift in Sources */,
				E5EF2CD9289C777A00AA5290 /* ContextMenu.swift in Sources */,
				E5E048D1289F69D700702733 /* AuthButton.swift in Sources */,
				E5EF2CD6289C773000AA5290 /* View+ContextMenu.swift in Sources */,
				E5687FAE289E194A00901F1F /* TextView.swift in Sources */,
				E54B013B29FC9FB500F7F0A0 /* View+ShareSheet.swift in Sources */,
				E55E8FD529FEF5D100EE2F89 /* User.swift in Sources */,
				E50FB9F42886738D00AA325C /* ZCombinator.xcdatamodeld in Sources */,
				E54B014429FE33FE00F7F0A0 /* HapticFeedbackService.swift in Sources */,
				E5EF2CDF289C780D00AA5290 /* Status.swift in Sources */,
				E5E048D4289F6DA000702733 /* UIApplication+KeyWindow.swift in Sources */,
				E56C06C328867B1100D4E685 /* StoryType.swift in Sources */,
				E50FB9F82886738D00AA325C /* HomeView.swift in Sources */,
				E500F96C289266EF00080EAF /* LinkView.swift in Sources */,
				E51C9DA4289F2EF4001EA8E8 /* Authentication.swift in Sources */,
				E5EF2CC8289C6CFF00AA5290 /* LoadingIndicator.swift in Sources */,
				E5687FA9289DC23500901F1F /* AuthRepository.swift in Sources */,
				E500F9692892659B00080EAF /* StoryStore.swift in Sources */,
				E50FBA12288674B100AA325C /* Story.swift in Sources */,
			);
			runOnlyForDeploymentPostprocessing = 0;
		};
		E50FB9DB2886738D00AA325C /* Sources */ = {
			isa = PBXSourcesBuildPhase;
			buildActionMask = 2147483647;
			files = (
				E50FBA16288674D100AA325C /* Item.swift in Sources */,
				E5687FAA289DC23500901F1F /* AuthRepository.swift in Sources */,
				E56C06C428867B1100D4E685 /* StoryType.swift in Sources */,
				E50FB9E62886738D00AA325C /* Tests_iOSLaunchTests.swift in Sources */,
				E587CF012893914600299CE0 /* Comment.swift in Sources */,
				E50FB9E42886738D00AA325C /* Tests_iOS.swift in Sources */,
				E5687FAF289E194A00901F1F /* TextView.swift in Sources */,
				E50FBA1C288676CE00AA325C /* StoriesRepository.swift in Sources */,
				E55E8FD629FEF5D100EE2F89 /* User.swift in Sources */,
				E50FBA13288674B100AA325C /* Story.swift in Sources */,
			);
			runOnlyForDeploymentPostprocessing = 0;
		};
		E50FB9E72886738D00AA325C /* Sources */ = {
			isa = PBXSourcesBuildPhase;
			buildActionMask = 2147483647;
			files = (
				E50FBA17288674D500AA325C /* Item.swift in Sources */,
				E5687FAB289DC23500901F1F /* AuthRepository.swift in Sources */,
				E56C06C528867B1100D4E685 /* StoryType.swift in Sources */,
				E50FB9F22886738D00AA325C /* Tests_macOSLaunchTests.swift in Sources */,
				E587CF022893914600299CE0 /* Comment.swift in Sources */,
				E50FB9F02886738D00AA325C /* Tests_macOS.swift in Sources */,
				E5687FB0289E194A00901F1F /* TextView.swift in Sources */,
				E50FBA1D288676CE00AA325C /* StoriesRepository.swift in Sources */,
				E55E8FD729FEF5D100EE2F89 /* User.swift in Sources */,
				E50FBA14288674B100AA325C /* Story.swift in Sources */,
			);
			runOnlyForDeploymentPostprocessing = 0;
		};
/* End PBXSourcesBuildPhase section */

/* Begin PBXTargetDependency section */
		E50FB9E12886738D00AA325C /* PBXTargetDependency */ = {
			isa = PBXTargetDependency;
			target = E50FB9D12886738D00AA325C /* ZCombinator (iOS) */;
			targetProxy = E50FB9E02886738D00AA325C /* PBXContainerItemProxy */;
		};
		E50FB9ED2886738D00AA325C /* PBXTargetDependency */ = {
			isa = PBXTargetDependency;
			target = E50FB9D72886738D00AA325C /* ZCombinator (macOS) */;
			targetProxy = E50FB9EC2886738D00AA325C /* PBXContainerItemProxy */;
		};
/* End PBXTargetDependency section */

/* Begin XCBuildConfiguration section */
		E50FB9FD2886738D00AA325C /* Debug */ = {
			isa = XCBuildConfiguration;
			buildSettings = {
				ALWAYS_SEARCH_USER_PATHS = NO;
				CLANG_ANALYZER_NONNULL = YES;
				CLANG_ANALYZER_NUMBER_OBJECT_CONVERSION = YES_AGGRESSIVE;
				CLANG_CXX_LANGUAGE_STANDARD = "gnu++17";
				CLANG_ENABLE_MODULES = YES;
				CLANG_ENABLE_OBJC_ARC = YES;
				CLANG_ENABLE_OBJC_WEAK = YES;
				CLANG_WARN_BLOCK_CAPTURE_AUTORELEASING = YES;
				CLANG_WARN_BOOL_CONVERSION = YES;
				CLANG_WARN_COMMA = YES;
				CLANG_WARN_CONSTANT_CONVERSION = YES;
				CLANG_WARN_DEPRECATED_OBJC_IMPLEMENTATIONS = YES;
				CLANG_WARN_DIRECT_OBJC_ISA_USAGE = YES_ERROR;
				CLANG_WARN_DOCUMENTATION_COMMENTS = YES;
				CLANG_WARN_EMPTY_BODY = YES;
				CLANG_WARN_ENUM_CONVERSION = YES;
				CLANG_WARN_INFINITE_RECURSION = YES;
				CLANG_WARN_INT_CONVERSION = YES;
				CLANG_WARN_NON_LITERAL_NULL_CONVERSION = YES;
				CLANG_WARN_OBJC_IMPLICIT_RETAIN_SELF = YES;
				CLANG_WARN_OBJC_LITERAL_CONVERSION = YES;
				CLANG_WARN_OBJC_ROOT_CLASS = YES_ERROR;
				CLANG_WARN_QUOTED_INCLUDE_IN_FRAMEWORK_HEADER = YES;
				CLANG_WARN_RANGE_LOOP_ANALYSIS = YES;
				CLANG_WARN_STRICT_PROTOTYPES = YES;
				CLANG_WARN_SUSPICIOUS_MOVE = YES;
				CLANG_WARN_UNGUARDED_AVAILABILITY = YES_AGGRESSIVE;
				CLANG_WARN_UNREACHABLE_CODE = YES;
				CLANG_WARN__DUPLICATE_METHOD_MATCH = YES;
				COPY_PHASE_STRIP = NO;
				DEAD_CODE_STRIPPING = YES;
				DEBUG_INFORMATION_FORMAT = dwarf;
				ENABLE_STRICT_OBJC_MSGSEND = YES;
				ENABLE_TESTABILITY = YES;
				GCC_C_LANGUAGE_STANDARD = gnu11;
				GCC_DYNAMIC_NO_PIC = NO;
				GCC_NO_COMMON_BLOCKS = YES;
				GCC_OPTIMIZATION_LEVEL = 0;
				GCC_PREPROCESSOR_DEFINITIONS = (
					"DEBUG=1",
					"$(inherited)",
				);
				GCC_WARN_64_TO_32_BIT_CONVERSION = YES;
				GCC_WARN_ABOUT_RETURN_TYPE = YES_ERROR;
				GCC_WARN_UNDECLARED_SELECTOR = YES;
				GCC_WARN_UNINITIALIZED_AUTOS = YES_AGGRESSIVE;
				GCC_WARN_UNUSED_FUNCTION = YES;
				GCC_WARN_UNUSED_VARIABLE = YES;
				MTL_ENABLE_DEBUG_INFO = INCLUDE_SOURCE;
				MTL_FAST_MATH = YES;
				ONLY_ACTIVE_ARCH = YES;
				SWIFT_ACTIVE_COMPILATION_CONDITIONS = DEBUG;
				SWIFT_OPTIMIZATION_LEVEL = "-Onone";
			};
			name = Debug;
		};
		E50FB9FE2886738D00AA325C /* Release */ = {
			isa = XCBuildConfiguration;
			buildSettings = {
				ALWAYS_SEARCH_USER_PATHS = NO;
				CLANG_ANALYZER_NONNULL = YES;
				CLANG_ANALYZER_NUMBER_OBJECT_CONVERSION = YES_AGGRESSIVE;
				CLANG_CXX_LANGUAGE_STANDARD = "gnu++17";
				CLANG_ENABLE_MODULES = YES;
				CLANG_ENABLE_OBJC_ARC = YES;
				CLANG_ENABLE_OBJC_WEAK = YES;
				CLANG_WARN_BLOCK_CAPTURE_AUTORELEASING = YES;
				CLANG_WARN_BOOL_CONVERSION = YES;
				CLANG_WARN_COMMA = YES;
				CLANG_WARN_CONSTANT_CONVERSION = YES;
				CLANG_WARN_DEPRECATED_OBJC_IMPLEMENTATIONS = YES;
				CLANG_WARN_DIRECT_OBJC_ISA_USAGE = YES_ERROR;
				CLANG_WARN_DOCUMENTATION_COMMENTS = YES;
				CLANG_WARN_EMPTY_BODY = YES;
				CLANG_WARN_ENUM_CONVERSION = YES;
				CLANG_WARN_INFINITE_RECURSION = YES;
				CLANG_WARN_INT_CONVERSION = YES;
				CLANG_WARN_NON_LITERAL_NULL_CONVERSION = YES;
				CLANG_WARN_OBJC_IMPLICIT_RETAIN_SELF = YES;
				CLANG_WARN_OBJC_LITERAL_CONVERSION = YES;
				CLANG_WARN_OBJC_ROOT_CLASS = YES_ERROR;
				CLANG_WARN_QUOTED_INCLUDE_IN_FRAMEWORK_HEADER = YES;
				CLANG_WARN_RANGE_LOOP_ANALYSIS = YES;
				CLANG_WARN_STRICT_PROTOTYPES = YES;
				CLANG_WARN_SUSPICIOUS_MOVE = YES;
				CLANG_WARN_UNGUARDED_AVAILABILITY = YES_AGGRESSIVE;
				CLANG_WARN_UNREACHABLE_CODE = YES;
				CLANG_WARN__DUPLICATE_METHOD_MATCH = YES;
				COPY_PHASE_STRIP = NO;
				DEAD_CODE_STRIPPING = YES;
				DEBUG_INFORMATION_FORMAT = "dwarf-with-dsym";
				ENABLE_NS_ASSERTIONS = NO;
				ENABLE_STRICT_OBJC_MSGSEND = YES;
				GCC_C_LANGUAGE_STANDARD = gnu11;
				GCC_NO_COMMON_BLOCKS = YES;
				GCC_WARN_64_TO_32_BIT_CONVERSION = YES;
				GCC_WARN_ABOUT_RETURN_TYPE = YES_ERROR;
				GCC_WARN_UNDECLARED_SELECTOR = YES;
				GCC_WARN_UNINITIALIZED_AUTOS = YES_AGGRESSIVE;
				GCC_WARN_UNUSED_FUNCTION = YES;
				GCC_WARN_UNUSED_VARIABLE = YES;
				MTL_ENABLE_DEBUG_INFO = NO;
				MTL_FAST_MATH = YES;
				SWIFT_COMPILATION_MODE = wholemodule;
				SWIFT_OPTIMIZATION_LEVEL = "-O";
			};
			name = Release;
		};
		E50FBA002886738D00AA325C /* Debug */ = {
			isa = XCBuildConfiguration;
			buildSettings = {
				ASSETCATALOG_COMPILER_APPICON_NAME = AppIcon;
				ASSETCATALOG_COMPILER_GLOBAL_ACCENT_COLOR_NAME = AccentColor;
				CODE_SIGN_STYLE = Automatic;
				CURRENT_PROJECT_VERSION = 11;
				DEVELOPMENT_TEAM = QMWX3X2NF7;
				ENABLE_PREVIEWS = YES;
				GENERATE_INFOPLIST_FILE = YES;
				INFOPLIST_FILE = "ZCombinator--iOS--Info.plist";
				INFOPLIST_KEY_CFBundleDisplayName = "Z Combinator";
				INFOPLIST_KEY_LSApplicationCategoryType = "public.app-category.magazines-and-newspapers";
				INFOPLIST_KEY_UIApplicationSceneManifest_Generation = YES;
				INFOPLIST_KEY_UIApplicationSupportsIndirectInputEvents = YES;
				INFOPLIST_KEY_UILaunchScreen_Generation = YES;
				INFOPLIST_KEY_UISupportedInterfaceOrientations_iPad = "UIInterfaceOrientationPortrait UIInterfaceOrientationPortraitUpsideDown UIInterfaceOrientationLandscapeLeft UIInterfaceOrientationLandscapeRight";
				INFOPLIST_KEY_UISupportedInterfaceOrientations_iPhone = "UIInterfaceOrientationPortrait UIInterfaceOrientationLandscapeLeft UIInterfaceOrientationLandscapeRight";
				IPHONEOS_DEPLOYMENT_TARGET = 16.0;
				LD_RUNPATH_SEARCH_PATHS = (
					"$(inherited)",
					"@executable_path/Frameworks",
				);
				MARKETING_VERSION = 0.0.1;
				PRODUCT_BUNDLE_IDENTIFIER = com.jiaqi.ZCombinator;
				PRODUCT_NAME = ZCombinator;
				SDKROOT = iphoneos;
				SWIFT_EMIT_LOC_STRINGS = YES;
				SWIFT_VERSION = 5.0;
				TARGETED_DEVICE_FAMILY = "1,2";
			};
			name = Debug;
		};
		E50FBA012886738D00AA325C /* Release */ = {
			isa = XCBuildConfiguration;
			buildSettings = {
				ASSETCATALOG_COMPILER_APPICON_NAME = AppIcon;
				ASSETCATALOG_COMPILER_GLOBAL_ACCENT_COLOR_NAME = AccentColor;
				CODE_SIGN_STYLE = Automatic;
				CURRENT_PROJECT_VERSION = 11;
				DEVELOPMENT_TEAM = QMWX3X2NF7;
				ENABLE_PREVIEWS = YES;
				GENERATE_INFOPLIST_FILE = YES;
				INFOPLIST_FILE = "ZCombinator--iOS--Info.plist";
				INFOPLIST_KEY_CFBundleDisplayName = "Z Combinator";
				INFOPLIST_KEY_LSApplicationCategoryType = "public.app-category.magazines-and-newspapers";
				INFOPLIST_KEY_UIApplicationSceneManifest_Generation = YES;
				INFOPLIST_KEY_UIApplicationSupportsIndirectInputEvents = YES;
				INFOPLIST_KEY_UILaunchScreen_Generation = YES;
				INFOPLIST_KEY_UISupportedInterfaceOrientations_iPad = "UIInterfaceOrientationPortrait UIInterfaceOrientationPortraitUpsideDown UIInterfaceOrientationLandscapeLeft UIInterfaceOrientationLandscapeRight";
				INFOPLIST_KEY_UISupportedInterfaceOrientations_iPhone = "UIInterfaceOrientationPortrait UIInterfaceOrientationLandscapeLeft UIInterfaceOrientationLandscapeRight";
				IPHONEOS_DEPLOYMENT_TARGET = 16.0;
				LD_RUNPATH_SEARCH_PATHS = (
					"$(inherited)",
					"@executable_path/Frameworks",
				);
				MARKETING_VERSION = 0.0.1;
				PRODUCT_BUNDLE_IDENTIFIER = com.jiaqi.ZCombinator;
				PRODUCT_NAME = ZCombinator;
				SDKROOT = iphoneos;
				SWIFT_EMIT_LOC_STRINGS = YES;
				SWIFT_VERSION = 5.0;
				TARGETED_DEVICE_FAMILY = "1,2";
				VALIDATE_PRODUCT = YES;
			};
			name = Release;
		};
		E50FBA032886738D00AA325C /* Debug */ = {
			isa = XCBuildConfiguration;
			buildSettings = {
				ASSETCATALOG_COMPILER_APPICON_NAME = AppIcon;
				ASSETCATALOG_COMPILER_GLOBAL_ACCENT_COLOR_NAME = AccentColor;
				CODE_SIGN_ENTITLEMENTS = macOS/macOS.entitlements;
				CODE_SIGN_IDENTITY = "-";
				CODE_SIGN_STYLE = Automatic;
				COMBINE_HIDPI_IMAGES = YES;
				CURRENT_PROJECT_VERSION = 1;
				DEAD_CODE_STRIPPING = YES;
				DEVELOPMENT_TEAM = QMWX3X2NF7;
				ENABLE_HARDENED_RUNTIME = YES;
				ENABLE_PREVIEWS = YES;
				GENERATE_INFOPLIST_FILE = YES;
				INFOPLIST_KEY_NSHumanReadableCopyright = "";
				LD_RUNPATH_SEARCH_PATHS = (
					"$(inherited)",
					"@executable_path/../Frameworks",
				);
				MACOSX_DEPLOYMENT_TARGET = 12.3;
				MARKETING_VERSION = 1.0;
				PRODUCT_BUNDLE_IDENTIFIER = com.jiaqi.ZCombinator;
				PRODUCT_NAME = ZCombinator;
				SDKROOT = macosx;
				SWIFT_EMIT_LOC_STRINGS = YES;
				SWIFT_VERSION = 5.0;
			};
			name = Debug;
		};
		E50FBA042886738D00AA325C /* Release */ = {
			isa = XCBuildConfiguration;
			buildSettings = {
				ASSETCATALOG_COMPILER_APPICON_NAME = AppIcon;
				ASSETCATALOG_COMPILER_GLOBAL_ACCENT_COLOR_NAME = AccentColor;
				CODE_SIGN_ENTITLEMENTS = macOS/macOS.entitlements;
				CODE_SIGN_IDENTITY = "-";
				CODE_SIGN_STYLE = Automatic;
				COMBINE_HIDPI_IMAGES = YES;
				CURRENT_PROJECT_VERSION = 1;
				DEAD_CODE_STRIPPING = YES;
				DEVELOPMENT_TEAM = QMWX3X2NF7;
				ENABLE_HARDENED_RUNTIME = YES;
				ENABLE_PREVIEWS = YES;
				GENERATE_INFOPLIST_FILE = YES;
				INFOPLIST_KEY_NSHumanReadableCopyright = "";
				LD_RUNPATH_SEARCH_PATHS = (
					"$(inherited)",
					"@executable_path/../Frameworks",
				);
				MACOSX_DEPLOYMENT_TARGET = 12.3;
				MARKETING_VERSION = 1.0;
				PRODUCT_BUNDLE_IDENTIFIER = com.jiaqi.ZCombinator;
				PRODUCT_NAME = ZCombinator;
				SDKROOT = macosx;
				SWIFT_EMIT_LOC_STRINGS = YES;
				SWIFT_VERSION = 5.0;
			};
			name = Release;
		};
		E50FBA062886738D00AA325C /* Debug */ = {
			isa = XCBuildConfiguration;
			buildSettings = {
				ALWAYS_EMBED_SWIFT_STANDARD_LIBRARIES = YES;
				CODE_SIGN_STYLE = Automatic;
				CURRENT_PROJECT_VERSION = 1;
				DEVELOPMENT_TEAM = QMWX3X2NF7;
				GENERATE_INFOPLIST_FILE = YES;
				IPHONEOS_DEPLOYMENT_TARGET = 15.5;
				MARKETING_VERSION = 1.0;
				PRODUCT_BUNDLE_IDENTIFIER = "com.jiaqi.Tests-iOS";
				PRODUCT_NAME = "$(TARGET_NAME)";
				SDKROOT = iphoneos;
				SWIFT_EMIT_LOC_STRINGS = NO;
				SWIFT_VERSION = 5.0;
				TARGETED_DEVICE_FAMILY = "1,2";
				TEST_TARGET_NAME = "ZCombinator (iOS)";
			};
			name = Debug;
		};
		E50FBA072886738D00AA325C /* Release */ = {
			isa = XCBuildConfiguration;
			buildSettings = {
				ALWAYS_EMBED_SWIFT_STANDARD_LIBRARIES = YES;
				CODE_SIGN_STYLE = Automatic;
				CURRENT_PROJECT_VERSION = 1;
				DEVELOPMENT_TEAM = QMWX3X2NF7;
				GENERATE_INFOPLIST_FILE = YES;
				IPHONEOS_DEPLOYMENT_TARGET = 15.5;
				MARKETING_VERSION = 1.0;
				PRODUCT_BUNDLE_IDENTIFIER = "com.jiaqi.Tests-iOS";
				PRODUCT_NAME = "$(TARGET_NAME)";
				SDKROOT = iphoneos;
				SWIFT_EMIT_LOC_STRINGS = NO;
				SWIFT_VERSION = 5.0;
				TARGETED_DEVICE_FAMILY = "1,2";
				TEST_TARGET_NAME = "ZCombinator (iOS)";
				VALIDATE_PRODUCT = YES;
			};
			name = Release;
		};
		E50FBA092886738D00AA325C /* Debug */ = {
			isa = XCBuildConfiguration;
			buildSettings = {
				ALWAYS_EMBED_SWIFT_STANDARD_LIBRARIES = YES;
				CODE_SIGN_STYLE = Automatic;
				CURRENT_PROJECT_VERSION = 1;
				DEAD_CODE_STRIPPING = YES;
				DEVELOPMENT_TEAM = QMWX3X2NF7;
				GENERATE_INFOPLIST_FILE = YES;
				MACOSX_DEPLOYMENT_TARGET = 12.3;
				MARKETING_VERSION = 1.0;
				PRODUCT_BUNDLE_IDENTIFIER = "com.jiaqi.Tests-macOS";
				PRODUCT_NAME = "$(TARGET_NAME)";
				SDKROOT = macosx;
				SWIFT_EMIT_LOC_STRINGS = NO;
				SWIFT_VERSION = 5.0;
				TEST_TARGET_NAME = "ZCombinator (macOS)";
			};
			name = Debug;
		};
		E50FBA0A2886738D00AA325C /* Release */ = {
			isa = XCBuildConfiguration;
			buildSettings = {
				ALWAYS_EMBED_SWIFT_STANDARD_LIBRARIES = YES;
				CODE_SIGN_STYLE = Automatic;
				CURRENT_PROJECT_VERSION = 1;
				DEAD_CODE_STRIPPING = YES;
				DEVELOPMENT_TEAM = QMWX3X2NF7;
				GENERATE_INFOPLIST_FILE = YES;
				MACOSX_DEPLOYMENT_TARGET = 12.3;
				MARKETING_VERSION = 1.0;
				PRODUCT_BUNDLE_IDENTIFIER = "com.jiaqi.Tests-macOS";
				PRODUCT_NAME = "$(TARGET_NAME)";
				SDKROOT = macosx;
				SWIFT_EMIT_LOC_STRINGS = NO;
				SWIFT_VERSION = 5.0;
				TEST_TARGET_NAME = "ZCombinator (macOS)";
			};
			name = Release;
		};
/* End XCBuildConfiguration section */

/* Begin XCConfigurationList section */
		E50FB9C62886738B00AA325C /* Build configuration list for PBXProject "ZCombinator" */ = {
			isa = XCConfigurationList;
			buildConfigurations = (
				E50FB9FD2886738D00AA325C /* Debug */,
				E50FB9FE2886738D00AA325C /* Release */,
			);
			defaultConfigurationIsVisible = 0;
			defaultConfigurationName = Release;
		};
		E50FB9FF2886738D00AA325C /* Build configuration list for PBXNativeTarget "ZCombinator (iOS)" */ = {
			isa = XCConfigurationList;
			buildConfigurations = (
				E50FBA002886738D00AA325C /* Debug */,
				E50FBA012886738D00AA325C /* Release */,
			);
			defaultConfigurationIsVisible = 0;
			defaultConfigurationName = Release;
		};
		E50FBA022886738D00AA325C /* Build configuration list for PBXNativeTarget "ZCombinator (macOS)" */ = {
			isa = XCConfigurationList;
			buildConfigurations = (
				E50FBA032886738D00AA325C /* Debug */,
				E50FBA042886738D00AA325C /* Release */,
			);
			defaultConfigurationIsVisible = 0;
			defaultConfigurationName = Release;
		};
		E50FBA052886738D00AA325C /* Build configuration list for PBXNativeTarget "Tests iOS" */ = {
			isa = XCConfigurationList;
			buildConfigurations = (
				E50FBA062886738D00AA325C /* Debug */,
				E50FBA072886738D00AA325C /* Release */,
			);
			defaultConfigurationIsVisible = 0;
			defaultConfigurationName = Release;
		};
		E50FBA082886738D00AA325C /* Build configuration list for PBXNativeTarget "Tests macOS" */ = {
			isa = XCConfigurationList;
			buildConfigurations = (
				E50FBA092886738D00AA325C /* Debug */,
				E50FBA0A2886738D00AA325C /* Release */,
			);
			defaultConfigurationIsVisible = 0;
			defaultConfigurationName = Release;
		};
/* End XCConfigurationList section */

/* Begin XCRemoteSwiftPackageReference section */
		E54B013C29FE302100F7F0A0 /* XCRemoteSwiftPackageReference "AlertToast" */ = {
			isa = XCRemoteSwiftPackageReference;
			repositoryURL = "https://github.com/elai950/AlertToast.git";
			requirement = {
				kind = upToNextMajorVersion;
				minimumVersion = 1.0.0;
			};
		};
		E56C06BE288679E900D4E685 /* XCRemoteSwiftPackageReference "Alamofire" */ = {
			isa = XCRemoteSwiftPackageReference;
			repositoryURL = "https://github.com/Alamofire/Alamofire.git";
			requirement = {
				kind = exactVersion;
				version = 5.6.2;
			};
		};
/* End XCRemoteSwiftPackageReference section */

/* Begin XCSwiftPackageProductDependency section */
		E52134B628877030005CFB77 /* Alamofire */ = {
			isa = XCSwiftPackageProductDependency;
			package = E56C06BE288679E900D4E685 /* XCRemoteSwiftPackageReference "Alamofire" */;
			productName = Alamofire;
		};
		E54B013D29FE302100F7F0A0 /* AlertToast */ = {
			isa = XCSwiftPackageProductDependency;
			package = E54B013C29FE302100F7F0A0 /* XCRemoteSwiftPackageReference "AlertToast" */;
			productName = AlertToast;
		};
		E56C06BF288679E900D4E685 /* Alamofire */ = {
			isa = XCSwiftPackageProductDependency;
			package = E56C06BE288679E900D4E685 /* XCRemoteSwiftPackageReference "Alamofire" */;
			productName = Alamofire;
		};
/* End XCSwiftPackageProductDependency section */

/* Begin XCVersionGroup section */
		E50FB9C82886738B00AA325C /* ZCombinator.xcdatamodeld */ = {
			isa = XCVersionGroup;
			children = (
				E50FB9C92886738B00AA325C /* Shared.xcdatamodel */,
			);
			currentVersion = E50FB9C92886738B00AA325C /* Shared.xcdatamodel */;
			path = ZCombinator.xcdatamodeld;
			sourceTree = "<group>";
			versionGroupType = wrapper.xcdatamodel;
		};
/* End XCVersionGroup section */
	};
	rootObject = E50FB9C32886738B00AA325C /* Project object */;
}
