// !$*UTF8*$!
{
	archiveVersion = 1;
	classes = {
	};
	objectVersion = 55;
	objects = {

/* Begin PBXBuildFile section */
		E500F9682892659B00080EAF /* StoryStore.swift in Sources */ = {isa = PBXBuildFile; fileRef = E500F9672892659B00080EAF /* StoryStore.swift */; };
		E500F96B289266EF00080EAF /* LinkView.swift in Sources */ = {isa = PBXBuildFile; fileRef = E500F96A289266EF00080EAF /* LinkView.swift */; };
		E504A0362A01F79B0090AFAB /* FavStore.swift in Sources */ = {isa = PBXBuildFile; fileRef = E504A0352A01F79B0090AFAB /* FavStore.swift */; };
		E504A0392A0223A30090AFAB /* FavButton.swift in Sources */ = {isa = PBXBuildFile; fileRef = E504A0382A0223A30090AFAB /* FavButton.swift */; };
		E504A03D2A0226080090AFAB /* UpvoteButton.swift in Sources */ = {isa = PBXBuildFile; fileRef = E504A03C2A0226080090AFAB /* UpvoteButton.swift */; };
		E504A0402A02269A0090AFAB /* DownvoteButton.swift in Sources */ = {isa = PBXBuildFile; fileRef = E504A03F2A02269A0090AFAB /* DownvoteButton.swift */; };
		E504A0432A0227F80090AFAB /* ShareMenu.swift in Sources */ = {isa = PBXBuildFile; fileRef = E504A0422A0227F80090AFAB /* ShareMenu.swift */; };
		E50FB9E42886738D00AA325C /* Tests_iOS.swift in Sources */ = {isa = PBXBuildFile; fileRef = E50FB9E32886738D00AA325C /* Tests_iOS.swift */; };
		E50FB9E62886738D00AA325C /* Tests_iOSLaunchTests.swift in Sources */ = {isa = PBXBuildFile; fileRef = E50FB9E52886738D00AA325C /* Tests_iOSLaunchTests.swift */; };
		E50FB9F32886738D00AA325C /* ZCombinator.xcdatamodeld in Sources */ = {isa = PBXBuildFile; fileRef = E50FB9C82886738B00AA325C /* ZCombinator.xcdatamodeld */; };
		E50FB9F52886738D00AA325C /* ZCombinatorApp.swift in Sources */ = {isa = PBXBuildFile; fileRef = E50FB9CA2886738B00AA325C /* ZCombinatorApp.swift */; };
		E50FB9F72886738D00AA325C /* HomeView.swift in Sources */ = {isa = PBXBuildFile; fileRef = E50FB9CB2886738B00AA325C /* HomeView.swift */; };
		E50FB9FB2886738D00AA325C /* Assets.xcassets in Resources */ = {isa = PBXBuildFile; fileRef = E50FB9CD2886738D00AA325C /* Assets.xcassets */; };
		E514FC362A02C41D00BEFC14 /* HackerNewsKit in Frameworks */ = {isa = PBXBuildFile; productRef = E514FC352A02C41D00BEFC14 /* HackerNewsKit */; };
		E514FC3A2A02C45E00BEFC14 /* Int+OrZero.swift in Sources */ = {isa = PBXBuildFile; fileRef = E514FC392A02C45E00BEFC14 /* Int+OrZero.swift */; };
		E514FC3D2A02C61600BEFC14 /* HackerNewsKit in Frameworks */ = {isa = PBXBuildFile; productRef = E514FC3C2A02C61600BEFC14 /* HackerNewsKit */; };
		E514FC3F2A02CA6000BEFC14 /* Status.swift in Sources */ = {isa = PBXBuildFile; fileRef = E514FC3E2A02CA6000BEFC14 /* Status.swift */; };
		E514FC412A02EB8E00BEFC14 /* SearchView.swift in Sources */ = {isa = PBXBuildFile; fileRef = E514FC402A02EB8E00BEFC14 /* SearchView.swift */; };
		E514FC432A02EBD400BEFC14 /* SearchStore.swift in Sources */ = {isa = PBXBuildFile; fileRef = E514FC422A02EBD400BEFC14 /* SearchStore.swift */; };
		E514FC452A02FEF100BEFC14 /* PinButton.swift in Sources */ = {isa = PBXBuildFile; fileRef = E514FC442A02FEF100BEFC14 /* PinButton.swift */; };
		E51C9DA3289F2EF4001EA8E8 /* Authentication.swift in Sources */ = {isa = PBXBuildFile; fileRef = E51C9DA2289F2EF4001EA8E8 /* Authentication.swift */; };
		E52134C028877C06005CFB77 /* ItemRow.swift in Sources */ = {isa = PBXBuildFile; fileRef = E52134BF28877C06005CFB77 /* ItemRow.swift */; };
		E52134C328877ED7005CFB77 /* ItemView.swift in Sources */ = {isa = PBXBuildFile; fileRef = E52134C228877ED7005CFB77 /* ItemView.swift */; };
		E526555F2887E28800D0B79A /* SafariView.swift in Sources */ = {isa = PBXBuildFile; fileRef = E526555E2887E28800D0B79A /* SafariView.swift */; };
		E52C17702A02427E00282117 /* WidgetKit.framework in Frameworks */ = {isa = PBXBuildFile; fileRef = E52C176F2A02427E00282117 /* WidgetKit.framework */; };
		E52C17722A02427E00282117 /* SwiftUI.framework in Frameworks */ = {isa = PBXBuildFile; fileRef = E52C17712A02427E00282117 /* SwiftUI.framework */; };
		E52C17752A02427E00282117 /* StoryWidgetBundle.swift in Sources */ = {isa = PBXBuildFile; fileRef = E52C17742A02427E00282117 /* StoryWidgetBundle.swift */; };
		E52C17772A02427E00282117 /* StoryWidget.swift in Sources */ = {isa = PBXBuildFile; fileRef = E52C17762A02427E00282117 /* StoryWidget.swift */; };
		E52C17792A02427F00282117 /* Assets.xcassets in Resources */ = {isa = PBXBuildFile; fileRef = E52C17782A02427F00282117 /* Assets.xcassets */; };
		E52C177D2A02427F00282117 /* StoryWidgetExtension.appex in Embed Foundation Extensions */ = {isa = PBXBuildFile; fileRef = E52C176E2A02427D00282117 /* StoryWidgetExtension.appex */; settings = {ATTRIBUTES = (RemoveHeadersOnCopy, ); }; };
		E53CA981289E3979009FDAE6 /* Constants.swift in Sources */ = {isa = PBXBuildFile; fileRef = E53CA980289E3979009FDAE6 /* Constants.swift */; };
		E54B013A29FC9FB500F7F0A0 /* View+ShareSheet.swift in Sources */ = {isa = PBXBuildFile; fileRef = E54B013929FC9FB500F7F0A0 /* View+ShareSheet.swift */; };
		E54B013E29FE302100F7F0A0 /* AlertToast in Frameworks */ = {isa = PBXBuildFile; productRef = E54B013D29FE302100F7F0A0 /* AlertToast */; };
		E54B014329FE33FE00F7F0A0 /* HapticFeedbackService.swift in Sources */ = {isa = PBXBuildFile; fileRef = E54B014229FE33FE00F7F0A0 /* HapticFeedbackService.swift */; };
		E54D06FB2A01AF0400F3E57B /* FavView.swift in Sources */ = {isa = PBXBuildFile; fileRef = E54D06FA2A01AF0400F3E57B /* FavView.swift */; };
		E54D06FE2A01AF1100F3E57B /* Settings.swift in Sources */ = {isa = PBXBuildFile; fileRef = E54D06FD2A01AF1100F3E57B /* Settings.swift */; };
		E54D07012A01BB2D00F3E57B /* UserDefaultWrapper.swift in Sources */ = {isa = PBXBuildFile; fileRef = E54D07002A01BB2D00F3E57B /* UserDefaultWrapper.swift */; };
		E55322F92A08D13F005B93D0 /* SubmissionView.swift in Sources */ = {isa = PBXBuildFile; fileRef = E55322F82A08D13F005B93D0 /* SubmissionView.swift */; };
		E55322FB2A08D17A005B93D0 /* SubmissionStore.swift in Sources */ = {isa = PBXBuildFile; fileRef = E55322FA2A08D17A005B93D0 /* SubmissionStore.swift */; };
		E55CF5C72A01D33300C6B80C /* CheckBox.swift in Sources */ = {isa = PBXBuildFile; fileRef = E55CF5C62A01D33300C6B80C /* CheckBox.swift */; };
		E5687FAD289E194A00901F1F /* TextView.swift in Sources */ = {isa = PBXBuildFile; fileRef = E5687FAC289E194A00901F1F /* TextView.swift */; };
		E5687FAF289E194A00901F1F /* TextView.swift in Sources */ = {isa = PBXBuildFile; fileRef = E5687FAC289E194A00901F1F /* TextView.swift */; };
		E5687FB0289E194A00901F1F /* TextView.swift in Sources */ = {isa = PBXBuildFile; fileRef = E5687FAC289E194A00901F1F /* TextView.swift */; };
		E5689EF12A09558B00F6CC48 /* Router.swift in Sources */ = {isa = PBXBuildFile; fileRef = E5689EF02A09558B00F6CC48 /* Router.swift */; };
		E5689EF32A0956B600F6CC48 /* Destination.swift in Sources */ = {isa = PBXBuildFile; fileRef = E5689EF22A0956B600F6CC48 /* Destination.swift */; };
		E56C06C0288679E900D4E685 /* Alamofire in Frameworks */ = {isa = PBXBuildFile; productRef = E56C06BF288679E900D4E685 /* Alamofire */; };
		E57640322A0302A10075F5D1 /* FlagButton.swift in Sources */ = {isa = PBXBuildFile; fileRef = E57640312A0302A10075F5D1 /* FlagButton.swift */; };
		E57640342A030B2F0075F5D1 /* DebouncedObject.swift in Sources */ = {isa = PBXBuildFile; fileRef = E57640332A030B2F0075F5D1 /* DebouncedObject.swift */; };
		E57640362A0313B30075F5D1 /* PinStore.swift in Sources */ = {isa = PBXBuildFile; fileRef = E57640352A0313B30075F5D1 /* PinStore.swift */; };
		E57640382A0313C80075F5D1 /* PinView.swift in Sources */ = {isa = PBXBuildFile; fileRef = E57640372A0313C80075F5D1 /* PinView.swift */; };
		E57E0D3A2A0B086A00E13963 /* Action.swift in Sources */ = {isa = PBXBuildFile; fileRef = E57E0D392A0B086A00E13963 /* Action.swift */; };
		E57E0D3C2A0B08E800E13963 /* CopyButton.swift in Sources */ = {isa = PBXBuildFile; fileRef = E57E0D3B2A0B08E800E13963 /* CopyButton.swift */; };
		E580A3692A0A215E0025AD83 /* ToastContainer.swift in Sources */ = {isa = PBXBuildFile; fileRef = E580A3682A0A215E0025AD83 /* ToastContainer.swift */; };
		E59425802A0AC2EF00469020 /* View+Toast.swift in Sources */ = {isa = PBXBuildFile; fileRef = E594257F2A0AC2EF00469020 /* View+Toast.swift */; };
		E5A2CEB62A08AF0300D683C6 /* UniformTypeIdentifiers.framework in Frameworks */ = {isa = PBXBuildFile; fileRef = E5A2CEB52A08AF0300D683C6 /* UniformTypeIdentifiers.framework */; };
		E5A2CEB92A08AF0300D683C6 /* Media.xcassets in Resources */ = {isa = PBXBuildFile; fileRef = E5A2CEB82A08AF0300D683C6 /* Media.xcassets */; };
		E5A2CEBB2A08AF0300D683C6 /* ActionViewController.swift in Sources */ = {isa = PBXBuildFile; fileRef = E5A2CEBA2A08AF0300D683C6 /* ActionViewController.swift */; };
		E5A2CEBE2A08AF0300D683C6 /* MainInterface.storyboard in Resources */ = {isa = PBXBuildFile; fileRef = E5A2CEBC2A08AF0300D683C6 /* MainInterface.storyboard */; };
		E5A2CEC22A08AF0300D683C6 /* ActionExtension.appex in Embed Foundation Extensions */ = {isa = PBXBuildFile; fileRef = E5A2CEB42A08AF0300D683C6 /* ActionExtension.appex */; settings = {ATTRIBUTES = (RemoveHeadersOnCopy, ); }; };
		E5A2CECF2A08B94200D683C6 /* ShareViewController.swift in Sources */ = {isa = PBXBuildFile; fileRef = E5A2CECE2A08B94200D683C6 /* ShareViewController.swift */; };
		E5A2CED22A08B94200D683C6 /* MainInterface.storyboard in Resources */ = {isa = PBXBuildFile; fileRef = E5A2CED02A08B94200D683C6 /* MainInterface.storyboard */; };
		E5A2CED62A08B94200D683C6 /* ShareExtension.appex in Embed Foundation Extensions */ = {isa = PBXBuildFile; fileRef = E5A2CECC2A08B94200D683C6 /* ShareExtension.appex */; settings = {ATTRIBUTES = (RemoveHeadersOnCopy, ); }; };
		E5C7B97A2A086C9A00CA6066 /* CommentTile.swift in Sources */ = {isa = PBXBuildFile; fileRef = E5C7B9792A086C9A00CA6066 /* CommentTile.swift */; };
		E5C7B97C2A08706000CA6066 /* View+GetColor.swift in Sources */ = {isa = PBXBuildFile; fileRef = E5C7B97B2A08706000CA6066 /* View+GetColor.swift */; };
		E5C7B97E2A0887D600CA6066 /* ProfileView.swift in Sources */ = {isa = PBXBuildFile; fileRef = E5C7B97D2A0887D600CA6066 /* ProfileView.swift */; };
		E5C7B9802A0887F400CA6066 /* ProfileStore.swift in Sources */ = {isa = PBXBuildFile; fileRef = E5C7B97F2A0887F400CA6066 /* ProfileStore.swift */; };
		E5E048D0289F69D700702733 /* AuthButton.swift in Sources */ = {isa = PBXBuildFile; fileRef = E5E048CF289F69D700702733 /* AuthButton.swift */; };
		E5E048D3289F6DA000702733 /* UIApplication+KeyWindow.swift in Sources */ = {isa = PBXBuildFile; fileRef = E5E048D2289F6DA000702733 /* UIApplication+KeyWindow.swift */; };
		E5E048D6289F72D700702733 /* View+ConditionalModifier.swift in Sources */ = {isa = PBXBuildFile; fileRef = E5E048D5289F72D700702733 /* View+ConditionalModifier.swift */; };
		E5E048D9289F737700702733 /* BoolExtension.swift in Sources */ = {isa = PBXBuildFile; fileRef = E5E048D8289F737700702733 /* BoolExtension.swift */; };
		E5E048DC289F86D400702733 /* ReplyView.swift in Sources */ = {isa = PBXBuildFile; fileRef = E5E048DB289F86D400702733 /* ReplyView.swift */; };
		E5EF2CC7289C6CFF00AA5290 /* LoadingIndicator.swift in Sources */ = {isa = PBXBuildFile; fileRef = E5EF2CC6289C6CFF00AA5290 /* LoadingIndicator.swift */; };
		E5EF2CCB289C6F8C00AA5290 /* StringExtension.swift in Sources */ = {isa = PBXBuildFile; fileRef = E5EF2CCA289C6F8C00AA5290 /* StringExtension.swift */; };
		E5EF2CCE289C71CC00AA5290 /* ArrayExtension.swift in Sources */ = {isa = PBXBuildFile; fileRef = E5EF2CCD289C71CC00AA5290 /* ArrayExtension.swift */; };
		E5EF2CD2289C771200AA5290 /* Comparable+Clamped.swift in Sources */ = {isa = PBXBuildFile; fileRef = E5EF2CD1289C771200AA5290 /* Comparable+Clamped.swift */; };
		E5EF2CD5289C773000AA5290 /* View+ContextMenu.swift in Sources */ = {isa = PBXBuildFile; fileRef = E5EF2CD4289C773000AA5290 /* View+ContextMenu.swift */; };
		E5EF2CD8289C777A00AA5290 /* ContextMenu.swift in Sources */ = {isa = PBXBuildFile; fileRef = E5EF2CD7289C777A00AA5290 /* ContextMenu.swift */; };
		E5EF2CDB289C77C200AA5290 /* ScaleButtonStyle.swift in Sources */ = {isa = PBXBuildFile; fileRef = E5EF2CDA289C77C200AA5290 /* ScaleButtonStyle.swift */; };
		E5EF2CE1289C782A00AA5290 /* WebView.swift in Sources */ = {isa = PBXBuildFile; fileRef = E5EF2CE0289C782A00AA5290 /* WebView.swift */; };
		E5EF2CE4289C783F00AA5290 /* CustomText.swift in Sources */ = {isa = PBXBuildFile; fileRef = E5EF2CE3289C783F00AA5290 /* CustomText.swift */; };
		E5EF2CE7289C789300AA5290 /* ItemStore.swift in Sources */ = {isa = PBXBuildFile; fileRef = E5EF2CE6289C789300AA5290 /* ItemStore.swift */; };
		E5EF2CF3289CA58100AA5290 /* View+BorderedFootnote.swift in Sources */ = {isa = PBXBuildFile; fileRef = E5EF2CF2289CA58100AA5290 /* View+BorderedFootnote.swift */; };
/* End PBXBuildFile section */

/* Begin PBXContainerItemProxy section */
		E50FB9E02886738D00AA325C /* PBXContainerItemProxy */ = {
			isa = PBXContainerItemProxy;
			containerPortal = E50FB9C32886738B00AA325C /* Project object */;
			proxyType = 1;
			remoteGlobalIDString = E50FB9D12886738D00AA325C;
			remoteInfo = "ZCombinator (iOS)";
		};
		E52C177B2A02427F00282117 /* PBXContainerItemProxy */ = {
			isa = PBXContainerItemProxy;
			containerPortal = E50FB9C32886738B00AA325C /* Project object */;
			proxyType = 1;
			remoteGlobalIDString = E52C176D2A02427D00282117;
			remoteInfo = StoryWidgetExtension;
		};
		E5A2CEC02A08AF0300D683C6 /* PBXContainerItemProxy */ = {
			isa = PBXContainerItemProxy;
			containerPortal = E50FB9C32886738B00AA325C /* Project object */;
			proxyType = 1;
			remoteGlobalIDString = E5A2CEB32A08AF0300D683C6;
			remoteInfo = ActionExtension;
		};
		E5A2CED42A08B94200D683C6 /* PBXContainerItemProxy */ = {
			isa = PBXContainerItemProxy;
			containerPortal = E50FB9C32886738B00AA325C /* Project object */;
			proxyType = 1;
			remoteGlobalIDString = E5A2CECB2A08B94200D683C6;
			remoteInfo = ShareExtension;
		};
/* End PBXContainerItemProxy section */

/* Begin PBXCopyFilesBuildPhase section */
		E52C177E2A02427F00282117 /* Embed Foundation Extensions */ = {
			isa = PBXCopyFilesBuildPhase;
			buildActionMask = 2147483647;
			dstPath = "";
			dstSubfolderSpec = 13;
			files = (
				E5A2CED62A08B94200D683C6 /* ShareExtension.appex in Embed Foundation Extensions */,
				E5A2CEC22A08AF0300D683C6 /* ActionExtension.appex in Embed Foundation Extensions */,
				E52C177D2A02427F00282117 /* StoryWidgetExtension.appex in Embed Foundation Extensions */,
			);
			name = "Embed Foundation Extensions";
			runOnlyForDeploymentPostprocessing = 0;
		};
/* End PBXCopyFilesBuildPhase section */

/* Begin PBXFileReference section */
		E500F9672892659B00080EAF /* StoryStore.swift */ = {isa = PBXFileReference; lastKnownFileType = sourcecode.swift; path = StoryStore.swift; sourceTree = "<group>"; };
		E500F96A289266EF00080EAF /* LinkView.swift */ = {isa = PBXFileReference; lastKnownFileType = sourcecode.swift; path = LinkView.swift; sourceTree = "<group>"; };
		E504A0352A01F79B0090AFAB /* FavStore.swift */ = {isa = PBXFileReference; lastKnownFileType = sourcecode.swift; path = FavStore.swift; sourceTree = "<group>"; };
		E504A0382A0223A30090AFAB /* FavButton.swift */ = {isa = PBXFileReference; lastKnownFileType = sourcecode.swift; path = FavButton.swift; sourceTree = "<group>"; };
		E504A03C2A0226080090AFAB /* UpvoteButton.swift */ = {isa = PBXFileReference; lastKnownFileType = sourcecode.swift; path = UpvoteButton.swift; sourceTree = "<group>"; };
		E504A03F2A02269A0090AFAB /* DownvoteButton.swift */ = {isa = PBXFileReference; lastKnownFileType = sourcecode.swift; path = DownvoteButton.swift; sourceTree = "<group>"; };
		E504A0422A0227F80090AFAB /* ShareMenu.swift */ = {isa = PBXFileReference; lastKnownFileType = sourcecode.swift; path = ShareMenu.swift; sourceTree = "<group>"; };
		E50FB9C92886738B00AA325C /* Shared.xcdatamodel */ = {isa = PBXFileReference; lastKnownFileType = wrapper.xcdatamodel; path = Shared.xcdatamodel; sourceTree = "<group>"; };
		E50FB9CA2886738B00AA325C /* ZCombinatorApp.swift */ = {isa = PBXFileReference; lastKnownFileType = sourcecode.swift; path = ZCombinatorApp.swift; sourceTree = "<group>"; };
		E50FB9CB2886738B00AA325C /* HomeView.swift */ = {isa = PBXFileReference; lastKnownFileType = sourcecode.swift; path = HomeView.swift; sourceTree = "<group>"; };
		E50FB9CD2886738D00AA325C /* Assets.xcassets */ = {isa = PBXFileReference; lastKnownFileType = folder.assetcatalog; path = Assets.xcassets; sourceTree = "<group>"; };
		E50FB9D22886738D00AA325C /* ZCombinator.app */ = {isa = PBXFileReference; explicitFileType = wrapper.application; includeInIndex = 0; path = ZCombinator.app; sourceTree = BUILT_PRODUCTS_DIR; };
		E50FB9DF2886738D00AA325C /* Tests iOS.xctest */ = {isa = PBXFileReference; explicitFileType = wrapper.cfbundle; includeInIndex = 0; path = "Tests iOS.xctest"; sourceTree = BUILT_PRODUCTS_DIR; };
		E50FB9E32886738D00AA325C /* Tests_iOS.swift */ = {isa = PBXFileReference; lastKnownFileType = sourcecode.swift; path = Tests_iOS.swift; sourceTree = "<group>"; };
		E50FB9E52886738D00AA325C /* Tests_iOSLaunchTests.swift */ = {isa = PBXFileReference; lastKnownFileType = sourcecode.swift; path = Tests_iOSLaunchTests.swift; sourceTree = "<group>"; };
		E50FB9EB2886738D00AA325C /* Tests macOS.xctest */ = {isa = PBXFileReference; explicitFileType = wrapper.cfbundle; includeInIndex = 0; path = "Tests macOS.xctest"; sourceTree = BUILT_PRODUCTS_DIR; };
		E514FC392A02C45E00BEFC14 /* Int+OrZero.swift */ = {isa = PBXFileReference; lastKnownFileType = sourcecode.swift; path = "Int+OrZero.swift"; sourceTree = "<group>"; };
		E514FC3E2A02CA6000BEFC14 /* Status.swift */ = {isa = PBXFileReference; lastKnownFileType = sourcecode.swift; path = Status.swift; sourceTree = "<group>"; };
		E514FC402A02EB8E00BEFC14 /* SearchView.swift */ = {isa = PBXFileReference; lastKnownFileType = sourcecode.swift; path = SearchView.swift; sourceTree = "<group>"; };
		E514FC422A02EBD400BEFC14 /* SearchStore.swift */ = {isa = PBXFileReference; lastKnownFileType = sourcecode.swift; path = SearchStore.swift; sourceTree = "<group>"; };
		E514FC442A02FEF100BEFC14 /* PinButton.swift */ = {isa = PBXFileReference; lastKnownFileType = sourcecode.swift; path = PinButton.swift; sourceTree = "<group>"; };
		E51C9DA2289F2EF4001EA8E8 /* Authentication.swift */ = {isa = PBXFileReference; lastKnownFileType = sourcecode.swift; path = Authentication.swift; sourceTree = "<group>"; };
		E52134BF28877C06005CFB77 /* ItemRow.swift */ = {isa = PBXFileReference; lastKnownFileType = sourcecode.swift; path = ItemRow.swift; sourceTree = "<group>"; };
		E52134C228877ED7005CFB77 /* ItemView.swift */ = {isa = PBXFileReference; lastKnownFileType = sourcecode.swift; path = ItemView.swift; sourceTree = "<group>"; };
		E526555E2887E28800D0B79A /* SafariView.swift */ = {isa = PBXFileReference; lastKnownFileType = sourcecode.swift; path = SafariView.swift; sourceTree = "<group>"; };
		E52C176E2A02427D00282117 /* StoryWidgetExtension.appex */ = {isa = PBXFileReference; explicitFileType = "wrapper.app-extension"; includeInIndex = 0; path = StoryWidgetExtension.appex; sourceTree = BUILT_PRODUCTS_DIR; };
		E52C176F2A02427E00282117 /* WidgetKit.framework */ = {isa = PBXFileReference; lastKnownFileType = wrapper.framework; name = WidgetKit.framework; path = System/Library/Frameworks/WidgetKit.framework; sourceTree = SDKROOT; };
		E52C17712A02427E00282117 /* SwiftUI.framework */ = {isa = PBXFileReference; lastKnownFileType = wrapper.framework; name = SwiftUI.framework; path = System/Library/Frameworks/SwiftUI.framework; sourceTree = SDKROOT; };
		E52C17742A02427E00282117 /* StoryWidgetBundle.swift */ = {isa = PBXFileReference; lastKnownFileType = sourcecode.swift; path = StoryWidgetBundle.swift; sourceTree = "<group>"; };
		E52C17762A02427E00282117 /* StoryWidget.swift */ = {isa = PBXFileReference; lastKnownFileType = sourcecode.swift; path = StoryWidget.swift; sourceTree = "<group>"; };
		E52C17782A02427F00282117 /* Assets.xcassets */ = {isa = PBXFileReference; lastKnownFileType = folder.assetcatalog; path = Assets.xcassets; sourceTree = "<group>"; };
		E52C177A2A02427F00282117 /* Info.plist */ = {isa = PBXFileReference; lastKnownFileType = text.plist.xml; path = Info.plist; sourceTree = "<group>"; };
		E52C17852A0247AE00282117 /* HackerNewsKit */ = {isa = PBXFileReference; lastKnownFileType = wrapper; path = HackerNewsKit; sourceTree = "<group>"; };
		E53CA980289E3979009FDAE6 /* Constants.swift */ = {isa = PBXFileReference; lastKnownFileType = sourcecode.swift; path = Constants.swift; sourceTree = "<group>"; };
		E54B013929FC9FB500F7F0A0 /* View+ShareSheet.swift */ = {isa = PBXFileReference; lastKnownFileType = sourcecode.swift; path = "View+ShareSheet.swift"; sourceTree = "<group>"; };
		E54B014229FE33FE00F7F0A0 /* HapticFeedbackService.swift */ = {isa = PBXFileReference; lastKnownFileType = sourcecode.swift; path = HapticFeedbackService.swift; sourceTree = "<group>"; };
		E54D06FA2A01AF0400F3E57B /* FavView.swift */ = {isa = PBXFileReference; lastKnownFileType = sourcecode.swift; path = FavView.swift; sourceTree = "<group>"; };
		E54D06FD2A01AF1100F3E57B /* Settings.swift */ = {isa = PBXFileReference; lastKnownFileType = sourcecode.swift; path = Settings.swift; sourceTree = "<group>"; };
		E54D07002A01BB2D00F3E57B /* UserDefaultWrapper.swift */ = {isa = PBXFileReference; lastKnownFileType = sourcecode.swift; path = UserDefaultWrapper.swift; sourceTree = "<group>"; };
		E55322F82A08D13F005B93D0 /* SubmissionView.swift */ = {isa = PBXFileReference; lastKnownFileType = sourcecode.swift; path = SubmissionView.swift; sourceTree = "<group>"; };
		E55322FA2A08D17A005B93D0 /* SubmissionStore.swift */ = {isa = PBXFileReference; lastKnownFileType = sourcecode.swift; path = SubmissionStore.swift; sourceTree = "<group>"; };
		E55CF5C62A01D33300C6B80C /* CheckBox.swift */ = {isa = PBXFileReference; lastKnownFileType = sourcecode.swift; path = CheckBox.swift; sourceTree = "<group>"; };
		E5687FAC289E194A00901F1F /* TextView.swift */ = {isa = PBXFileReference; lastKnownFileType = sourcecode.swift; path = TextView.swift; sourceTree = "<group>"; };
		E5689EF02A09558B00F6CC48 /* Router.swift */ = {isa = PBXFileReference; lastKnownFileType = sourcecode.swift; path = Router.swift; sourceTree = "<group>"; };
		E5689EF22A0956B600F6CC48 /* Destination.swift */ = {isa = PBXFileReference; lastKnownFileType = sourcecode.swift; path = Destination.swift; sourceTree = "<group>"; };
		E57640312A0302A10075F5D1 /* FlagButton.swift */ = {isa = PBXFileReference; lastKnownFileType = sourcecode.swift; path = FlagButton.swift; sourceTree = "<group>"; };
		E57640332A030B2F0075F5D1 /* DebouncedObject.swift */ = {isa = PBXFileReference; lastKnownFileType = sourcecode.swift; path = DebouncedObject.swift; sourceTree = "<group>"; };
		E57640352A0313B30075F5D1 /* PinStore.swift */ = {isa = PBXFileReference; lastKnownFileType = sourcecode.swift; path = PinStore.swift; sourceTree = "<group>"; };
		E57640372A0313C80075F5D1 /* PinView.swift */ = {isa = PBXFileReference; lastKnownFileType = sourcecode.swift; path = PinView.swift; sourceTree = "<group>"; };
		E57E0D392A0B086A00E13963 /* Action.swift */ = {isa = PBXFileReference; lastKnownFileType = sourcecode.swift; path = Action.swift; sourceTree = "<group>"; };
		E57E0D3B2A0B08E800E13963 /* CopyButton.swift */ = {isa = PBXFileReference; lastKnownFileType = sourcecode.swift; path = CopyButton.swift; sourceTree = "<group>"; };
		E580A3682A0A215E0025AD83 /* ToastContainer.swift */ = {isa = PBXFileReference; lastKnownFileType = sourcecode.swift; path = ToastContainer.swift; sourceTree = "<group>"; };
		E594257F2A0AC2EF00469020 /* View+Toast.swift */ = {isa = PBXFileReference; lastKnownFileType = sourcecode.swift; path = "View+Toast.swift"; sourceTree = "<group>"; };
		E5A2CEB42A08AF0300D683C6 /* ActionExtension.appex */ = {isa = PBXFileReference; explicitFileType = "wrapper.app-extension"; includeInIndex = 0; path = ActionExtension.appex; sourceTree = BUILT_PRODUCTS_DIR; };
		E5A2CEB52A08AF0300D683C6 /* UniformTypeIdentifiers.framework */ = {isa = PBXFileReference; lastKnownFileType = wrapper.framework; name = UniformTypeIdentifiers.framework; path = System/Library/Frameworks/UniformTypeIdentifiers.framework; sourceTree = SDKROOT; };
		E5A2CEB82A08AF0300D683C6 /* Media.xcassets */ = {isa = PBXFileReference; lastKnownFileType = folder.assetcatalog; path = Media.xcassets; sourceTree = "<group>"; };
		E5A2CEBA2A08AF0300D683C6 /* ActionViewController.swift */ = {isa = PBXFileReference; lastKnownFileType = sourcecode.swift; path = ActionViewController.swift; sourceTree = "<group>"; };
		E5A2CEBD2A08AF0300D683C6 /* Base */ = {isa = PBXFileReference; lastKnownFileType = file.storyboard; name = Base; path = Base.lproj/MainInterface.storyboard; sourceTree = "<group>"; };
		E5A2CEBF2A08AF0300D683C6 /* Info.plist */ = {isa = PBXFileReference; lastKnownFileType = text.plist.xml; path = Info.plist; sourceTree = "<group>"; };
		E5A2CEC62A08B5B000D683C6 /* ZCombinator (iOS).entitlements */ = {isa = PBXFileReference; lastKnownFileType = text.plist.entitlements; path = "ZCombinator (iOS).entitlements"; sourceTree = "<group>"; };
		E5A2CEC72A08B5CD00D683C6 /* ActionExtension.entitlements */ = {isa = PBXFileReference; lastKnownFileType = text.plist.entitlements; path = ActionExtension.entitlements; sourceTree = "<group>"; };
		E5A2CECC2A08B94200D683C6 /* ShareExtension.appex */ = {isa = PBXFileReference; explicitFileType = "wrapper.app-extension"; includeInIndex = 0; path = ShareExtension.appex; sourceTree = BUILT_PRODUCTS_DIR; };
		E5A2CECE2A08B94200D683C6 /* ShareViewController.swift */ = {isa = PBXFileReference; lastKnownFileType = sourcecode.swift; path = ShareViewController.swift; sourceTree = "<group>"; };
		E5A2CED12A08B94200D683C6 /* Base */ = {isa = PBXFileReference; lastKnownFileType = file.storyboard; name = Base; path = Base.lproj/MainInterface.storyboard; sourceTree = "<group>"; };
		E5A2CED32A08B94200D683C6 /* Info.plist */ = {isa = PBXFileReference; lastKnownFileType = text.plist.xml; path = Info.plist; sourceTree = "<group>"; };
		E5C7B9792A086C9A00CA6066 /* CommentTile.swift */ = {isa = PBXFileReference; lastKnownFileType = sourcecode.swift; path = CommentTile.swift; sourceTree = "<group>"; };
		E5C7B97B2A08706000CA6066 /* View+GetColor.swift */ = {isa = PBXFileReference; lastKnownFileType = sourcecode.swift; path = "View+GetColor.swift"; sourceTree = "<group>"; };
		E5C7B97D2A0887D600CA6066 /* ProfileView.swift */ = {isa = PBXFileReference; lastKnownFileType = sourcecode.swift; path = ProfileView.swift; sourceTree = "<group>"; };
		E5C7B97F2A0887F400CA6066 /* ProfileStore.swift */ = {isa = PBXFileReference; lastKnownFileType = sourcecode.swift; path = ProfileStore.swift; sourceTree = "<group>"; };
		E5E048CF289F69D700702733 /* AuthButton.swift */ = {isa = PBXFileReference; lastKnownFileType = sourcecode.swift; path = AuthButton.swift; sourceTree = "<group>"; };
		E5E048D2289F6DA000702733 /* UIApplication+KeyWindow.swift */ = {isa = PBXFileReference; lastKnownFileType = sourcecode.swift; path = "UIApplication+KeyWindow.swift"; sourceTree = "<group>"; };
		E5E048D5289F72D700702733 /* View+ConditionalModifier.swift */ = {isa = PBXFileReference; lastKnownFileType = sourcecode.swift; path = "View+ConditionalModifier.swift"; sourceTree = "<group>"; };
		E5E048D8289F737700702733 /* BoolExtension.swift */ = {isa = PBXFileReference; lastKnownFileType = sourcecode.swift; path = BoolExtension.swift; sourceTree = "<group>"; };
		E5E048DB289F86D400702733 /* ReplyView.swift */ = {isa = PBXFileReference; lastKnownFileType = sourcecode.swift; path = ReplyView.swift; sourceTree = "<group>"; };
		E5EF2CC6289C6CFF00AA5290 /* LoadingIndicator.swift */ = {isa = PBXFileReference; lastKnownFileType = sourcecode.swift; path = LoadingIndicator.swift; sourceTree = "<group>"; };
		E5EF2CCA289C6F8C00AA5290 /* StringExtension.swift */ = {isa = PBXFileReference; lastKnownFileType = sourcecode.swift; path = StringExtension.swift; sourceTree = "<group>"; };
		E5EF2CCD289C71CC00AA5290 /* ArrayExtension.swift */ = {isa = PBXFileReference; lastKnownFileType = sourcecode.swift; path = ArrayExtension.swift; sourceTree = "<group>"; };
		E5EF2CD1289C771200AA5290 /* Comparable+Clamped.swift */ = {isa = PBXFileReference; lastKnownFileType = sourcecode.swift; path = "Comparable+Clamped.swift"; sourceTree = "<group>"; };
		E5EF2CD4289C773000AA5290 /* View+ContextMenu.swift */ = {isa = PBXFileReference; lastKnownFileType = sourcecode.swift; path = "View+ContextMenu.swift"; sourceTree = "<group>"; };
		E5EF2CD7289C777A00AA5290 /* ContextMenu.swift */ = {isa = PBXFileReference; lastKnownFileType = sourcecode.swift; path = ContextMenu.swift; sourceTree = "<group>"; };
		E5EF2CDA289C77C200AA5290 /* ScaleButtonStyle.swift */ = {isa = PBXFileReference; lastKnownFileType = sourcecode.swift; path = ScaleButtonStyle.swift; sourceTree = "<group>"; };
		E5EF2CE0289C782A00AA5290 /* WebView.swift */ = {isa = PBXFileReference; lastKnownFileType = sourcecode.swift; path = WebView.swift; sourceTree = "<group>"; };
		E5EF2CE3289C783F00AA5290 /* CustomText.swift */ = {isa = PBXFileReference; lastKnownFileType = sourcecode.swift; path = CustomText.swift; sourceTree = "<group>"; };
		E5EF2CE6289C789300AA5290 /* ItemStore.swift */ = {isa = PBXFileReference; lastKnownFileType = sourcecode.swift; path = ItemStore.swift; sourceTree = "<group>"; };
		E5EF2CF2289CA58100AA5290 /* View+BorderedFootnote.swift */ = {isa = PBXFileReference; lastKnownFileType = sourcecode.swift; path = "View+BorderedFootnote.swift"; sourceTree = "<group>"; };
/* End PBXFileReference section */

/* Begin PBXFrameworksBuildPhase section */
		E50FB9CF2886738D00AA325C /* Frameworks */ = {
			isa = PBXFrameworksBuildPhase;
			buildActionMask = 2147483647;
			files = (
				E514FC3D2A02C61600BEFC14 /* HackerNewsKit in Frameworks */,
				E56C06C0288679E900D4E685 /* Alamofire in Frameworks */,
				E54B013E29FE302100F7F0A0 /* AlertToast in Frameworks */,
			);
			runOnlyForDeploymentPostprocessing = 0;
		};
		E50FB9DC2886738D00AA325C /* Frameworks */ = {
			isa = PBXFrameworksBuildPhase;
			buildActionMask = 2147483647;
			files = (
			);
			runOnlyForDeploymentPostprocessing = 0;
		};
		E50FB9E82886738D00AA325C /* Frameworks */ = {
			isa = PBXFrameworksBuildPhase;
			buildActionMask = 2147483647;
			files = (
			);
			runOnlyForDeploymentPostprocessing = 0;
		};
		E52C176B2A02427D00282117 /* Frameworks */ = {
			isa = PBXFrameworksBuildPhase;
			buildActionMask = 2147483647;
			files = (
				E514FC362A02C41D00BEFC14 /* HackerNewsKit in Frameworks */,
				E52C17722A02427E00282117 /* SwiftUI.framework in Frameworks */,
				E52C17702A02427E00282117 /* WidgetKit.framework in Frameworks */,
			);
			runOnlyForDeploymentPostprocessing = 0;
		};
		E5A2CEB12A08AF0300D683C6 /* Frameworks */ = {
			isa = PBXFrameworksBuildPhase;
			buildActionMask = 2147483647;
			files = (
				E5A2CEB62A08AF0300D683C6 /* UniformTypeIdentifiers.framework in Frameworks */,
			);
			runOnlyForDeploymentPostprocessing = 0;
		};
		E5A2CEC92A08B94200D683C6 /* Frameworks */ = {
			isa = PBXFrameworksBuildPhase;
			buildActionMask = 2147483647;
			files = (
			);
			runOnlyForDeploymentPostprocessing = 0;
		};
/* End PBXFrameworksBuildPhase section */

/* Begin PBXGroup section */
		E504A03B2A0225EF0090AFAB /* ActionMenu */ = {
			isa = PBXGroup;
			children = (
				E504A0382A0223A30090AFAB /* FavButton.swift */,
				E504A03C2A0226080090AFAB /* UpvoteButton.swift */,
				E504A03F2A02269A0090AFAB /* DownvoteButton.swift */,
				E514FC442A02FEF100BEFC14 /* PinButton.swift */,
				E57640312A0302A10075F5D1 /* FlagButton.swift */,
				E57E0D3B2A0B08E800E13963 /* CopyButton.swift */,
			);
			path = ActionMenu;
			sourceTree = "<group>";
		};
		E50FB9C22886738B00AA325C = {
			isa = PBXGroup;
			children = (
				E5A2CEC62A08B5B000D683C6 /* ZCombinator (iOS).entitlements */,
				E52C17822A02456800282117 /* Packages */,
				E50FB9C72886738B00AA325C /* Shared */,
				E50FB9E22886738D00AA325C /* Tests iOS */,
				E52C17732A02427E00282117 /* StoryWidget */,
				E5A2CEB72A08AF0300D683C6 /* ActionExtension */,
				E5A2CECD2A08B94200D683C6 /* ShareExtension */,
				E50FB9D32886738D00AA325C /* Products */,
				E52134B528877030005CFB77 /* Frameworks */,
			);
			sourceTree = "<group>";
		};
		E50FB9C72886738B00AA325C /* Shared */ = {
			isa = PBXGroup;
			children = (
				E5EF2CD0289C760700AA5290 /* Utilities */,
				E5EF2CC9289C6F7300AA5290 /* Extensions */,
				E50FBA0C288673A100AA325C /* Views */,
				E50FBA0B2886739900AA325C /* Models */,
				E50FB9CA2886738B00AA325C /* ZCombinatorApp.swift */,
				E50FB9CD2886738D00AA325C /* Assets.xcassets */,
				E50FB9C82886738B00AA325C /* ZCombinator.xcdatamodeld */,
			);
			path = Shared;
			sourceTree = "<group>";
		};
		E50FB9D32886738D00AA325C /* Products */ = {
			isa = PBXGroup;
			children = (
				E50FB9D22886738D00AA325C /* ZCombinator.app */,
				E50FB9DF2886738D00AA325C /* Tests iOS.xctest */,
				E50FB9EB2886738D00AA325C /* Tests macOS.xctest */,
				E52C176E2A02427D00282117 /* StoryWidgetExtension.appex */,
				E5A2CEB42A08AF0300D683C6 /* ActionExtension.appex */,
				E5A2CECC2A08B94200D683C6 /* ShareExtension.appex */,
			);
			name = Products;
			sourceTree = "<group>";
		};
		E50FB9E22886738D00AA325C /* Tests iOS */ = {
			isa = PBXGroup;
			children = (
				E50FB9E32886738D00AA325C /* Tests_iOS.swift */,
				E50FB9E52886738D00AA325C /* Tests_iOSLaunchTests.swift */,
			);
			path = "Tests iOS";
			sourceTree = "<group>";
		};
		E50FBA0B2886739900AA325C /* Models */ = {
			isa = PBXGroup;
			children = (
				E5CDC9722A0B10520023680E /* Stores */,
				E514FC3E2A02CA6000BEFC14 /* Status.swift */,
				E54D06FD2A01AF1100F3E57B /* Settings.swift */,
				E51C9DA2289F2EF4001EA8E8 /* Authentication.swift */,
				E5689EF02A09558B00F6CC48 /* Router.swift */,
				E5689EF22A0956B600F6CC48 /* Destination.swift */,
				E57E0D392A0B086A00E13963 /* Action.swift */,
			);
			path = Models;
			sourceTree = "<group>";
		};
		E50FBA0C288673A100AA325C /* Views */ = {
			isa = PBXGroup;
			children = (
				E54B013529FC952400F7F0A0 /* Widgets */,
				E52134C228877ED7005CFB77 /* ItemView.swift */,
				E50FB9CB2886738B00AA325C /* HomeView.swift */,
				E54D06FA2A01AF0400F3E57B /* FavView.swift */,
				E514FC402A02EB8E00BEFC14 /* SearchView.swift */,
				E57640372A0313C80075F5D1 /* PinView.swift */,
				E5C7B97D2A0887D600CA6066 /* ProfileView.swift */,
				E55322F82A08D13F005B93D0 /* SubmissionView.swift */,
			);
			path = Views;
			sourceTree = "<group>";
		};
		E52134B528877030005CFB77 /* Frameworks */ = {
			isa = PBXGroup;
			children = (
				E52C176F2A02427E00282117 /* WidgetKit.framework */,
				E52C17712A02427E00282117 /* SwiftUI.framework */,
				E5A2CEB52A08AF0300D683C6 /* UniformTypeIdentifiers.framework */,
			);
			name = Frameworks;
			sourceTree = "<group>";
		};
		E52C17732A02427E00282117 /* StoryWidget */ = {
			isa = PBXGroup;
			children = (
				E52C17742A02427E00282117 /* StoryWidgetBundle.swift */,
				E52C17762A02427E00282117 /* StoryWidget.swift */,
				E52C17782A02427F00282117 /* Assets.xcassets */,
				E52C177A2A02427F00282117 /* Info.plist */,
			);
			path = StoryWidget;
			sourceTree = "<group>";
		};
		E52C17822A02456800282117 /* Packages */ = {
			isa = PBXGroup;
			children = (
				E52C17852A0247AE00282117 /* HackerNewsKit */,
			);
			path = Packages;
			sourceTree = "<group>";
		};
		E54B013529FC952400F7F0A0 /* Widgets */ = {
			isa = PBXGroup;
			children = (
				E504A03B2A0225EF0090AFAB /* ActionMenu */,
				E52134BF28877C06005CFB77 /* ItemRow.swift */,
				E5EF2CE3289C783F00AA5290 /* CustomText.swift */,
				E500F96A289266EF00080EAF /* LinkView.swift */,
				E5EF2CC6289C6CFF00AA5290 /* LoadingIndicator.swift */,
				E526555E2887E28800D0B79A /* SafariView.swift */,
				E5EF2CD7289C777A00AA5290 /* ContextMenu.swift */,
				E5EF2CDA289C77C200AA5290 /* ScaleButtonStyle.swift */,
				E5687FAC289E194A00901F1F /* TextView.swift */,
				E5E048CF289F69D700702733 /* AuthButton.swift */,
				E5E048DB289F86D400702733 /* ReplyView.swift */,
				E5EF2CE0289C782A00AA5290 /* WebView.swift */,
				E55CF5C62A01D33300C6B80C /* CheckBox.swift */,
				E504A0422A0227F80090AFAB /* ShareMenu.swift */,
				E5C7B9792A086C9A00CA6066 /* CommentTile.swift */,
				E580A3682A0A215E0025AD83 /* ToastContainer.swift */,
			);
			path = Widgets;
			sourceTree = "<group>";
		};
		E5A2CEB72A08AF0300D683C6 /* ActionExtension */ = {
			isa = PBXGroup;
			children = (
				E5A2CEC72A08B5CD00D683C6 /* ActionExtension.entitlements */,
				E5A2CEB82A08AF0300D683C6 /* Media.xcassets */,
				E5A2CEBA2A08AF0300D683C6 /* ActionViewController.swift */,
				E5A2CEBC2A08AF0300D683C6 /* MainInterface.storyboard */,
				E5A2CEBF2A08AF0300D683C6 /* Info.plist */,
			);
			path = ActionExtension;
			sourceTree = "<group>";
		};
		E5A2CECD2A08B94200D683C6 /* ShareExtension */ = {
			isa = PBXGroup;
			children = (
				E5A2CECE2A08B94200D683C6 /* ShareViewController.swift */,
				E5A2CED02A08B94200D683C6 /* MainInterface.storyboard */,
				E5A2CED32A08B94200D683C6 /* Info.plist */,
			);
			path = ShareExtension;
			sourceTree = "<group>";
		};
		E5CDC9722A0B10520023680E /* Stores */ = {
			isa = PBXGroup;
			children = (
				E500F9672892659B00080EAF /* StoryStore.swift */,
				E514FC422A02EBD400BEFC14 /* SearchStore.swift */,
				E504A0352A01F79B0090AFAB /* FavStore.swift */,
				E5EF2CE6289C789300AA5290 /* ItemStore.swift */,
				E57640352A0313B30075F5D1 /* PinStore.swift */,
				E5C7B97F2A0887F400CA6066 /* ProfileStore.swift */,
				E55322FA2A08D17A005B93D0 /* SubmissionStore.swift */,
			);
			path = Stores;
			sourceTree = "<group>";
		};
		E5EF2CC9289C6F7300AA5290 /* Extensions */ = {
			isa = PBXGroup;
			children = (
				E5EF2CCA289C6F8C00AA5290 /* StringExtension.swift */,
				E5EF2CCD289C71CC00AA5290 /* ArrayExtension.swift */,
				E5EF2CD1289C771200AA5290 /* Comparable+Clamped.swift */,
				E5EF2CD4289C773000AA5290 /* View+ContextMenu.swift */,
				E5EF2CF2289CA58100AA5290 /* View+BorderedFootnote.swift */,
				E5E048D2289F6DA000702733 /* UIApplication+KeyWindow.swift */,
				E5E048D5289F72D700702733 /* View+ConditionalModifier.swift */,
				E5E048D8289F737700702733 /* BoolExtension.swift */,
				E54B013929FC9FB500F7F0A0 /* View+ShareSheet.swift */,
				E514FC392A02C45E00BEFC14 /* Int+OrZero.swift */,
				E5C7B97B2A08706000CA6066 /* View+GetColor.swift */,
				E594257F2A0AC2EF00469020 /* View+Toast.swift */,
			);
			path = Extensions;
			sourceTree = "<group>";
		};
		E5EF2CD0289C760700AA5290 /* Utilities */ = {
			isa = PBXGroup;
			children = (
				E53CA980289E3979009FDAE6 /* Constants.swift */,
				E54B014229FE33FE00F7F0A0 /* HapticFeedbackService.swift */,
				E54D07002A01BB2D00F3E57B /* UserDefaultWrapper.swift */,
				E57640332A030B2F0075F5D1 /* DebouncedObject.swift */,
			);
			path = Utilities;
			sourceTree = "<group>";
		};
/* End PBXGroup section */

/* Begin PBXNativeTarget section */
		E50FB9D12886738D00AA325C /* ZCombinator (iOS) */ = {
			isa = PBXNativeTarget;
			buildConfigurationList = E50FB9FF2886738D00AA325C /* Build configuration list for PBXNativeTarget "ZCombinator (iOS)" */;
			buildPhases = (
				E50FB9CE2886738D00AA325C /* Sources */,
				E50FB9CF2886738D00AA325C /* Frameworks */,
				E50FB9D02886738D00AA325C /* Resources */,
				E52C177E2A02427F00282117 /* Embed Foundation Extensions */,
			);
			buildRules = (
			);
			dependencies = (
				E52C177C2A02427F00282117 /* PBXTargetDependency */,
				E5A2CEC12A08AF0300D683C6 /* PBXTargetDependency */,
				E5A2CED52A08B94200D683C6 /* PBXTargetDependency */,
			);
			name = "ZCombinator (iOS)";
			packageProductDependencies = (
				E56C06BF288679E900D4E685 /* Alamofire */,
				E54B013D29FE302100F7F0A0 /* AlertToast */,
				E514FC3C2A02C61600BEFC14 /* HackerNewsKit */,
			);
			productName = "ZCombinator (iOS)";
			productReference = E50FB9D22886738D00AA325C /* ZCombinator.app */;
			productType = "com.apple.product-type.application";
		};
		E50FB9DE2886738D00AA325C /* Tests iOS */ = {
			isa = PBXNativeTarget;
			buildConfigurationList = E50FBA052886738D00AA325C /* Build configuration list for PBXNativeTarget "Tests iOS" */;
			buildPhases = (
				E50FB9DB2886738D00AA325C /* Sources */,
				E50FB9DC2886738D00AA325C /* Frameworks */,
				E50FB9DD2886738D00AA325C /* Resources */,
			);
			buildRules = (
			);
			dependencies = (
				E50FB9E12886738D00AA325C /* PBXTargetDependency */,
			);
			name = "Tests iOS";
			productName = "Tests iOS";
			productReference = E50FB9DF2886738D00AA325C /* Tests iOS.xctest */;
			productType = "com.apple.product-type.bundle.ui-testing";
		};
		E50FB9EA2886738D00AA325C /* Tests macOS */ = {
			isa = PBXNativeTarget;
			buildConfigurationList = E50FBA082886738D00AA325C /* Build configuration list for PBXNativeTarget "Tests macOS" */;
			buildPhases = (
				E50FB9E72886738D00AA325C /* Sources */,
				E50FB9E82886738D00AA325C /* Frameworks */,
				E50FB9E92886738D00AA325C /* Resources */,
			);
			buildRules = (
			);
			dependencies = (
			);
			name = "Tests macOS";
			productName = "Tests macOS";
			productReference = E50FB9EB2886738D00AA325C /* Tests macOS.xctest */;
			productType = "com.apple.product-type.bundle.ui-testing";
		};
		E52C176D2A02427D00282117 /* StoryWidgetExtension */ = {
			isa = PBXNativeTarget;
			buildConfigurationList = E52C17812A02427F00282117 /* Build configuration list for PBXNativeTarget "StoryWidgetExtension" */;
			buildPhases = (
				E52C176A2A02427D00282117 /* Sources */,
				E52C176B2A02427D00282117 /* Frameworks */,
				E52C176C2A02427D00282117 /* Resources */,
			);
			buildRules = (
			);
			dependencies = (
			);
			name = StoryWidgetExtension;
			packageProductDependencies = (
				E514FC352A02C41D00BEFC14 /* HackerNewsKit */,
			);
			productName = StoryWidgetExtension;
			productReference = E52C176E2A02427D00282117 /* StoryWidgetExtension.appex */;
			productType = "com.apple.product-type.app-extension";
		};
		E5A2CEB32A08AF0300D683C6 /* ActionExtension */ = {
			isa = PBXNativeTarget;
			buildConfigurationList = E5A2CEC52A08AF0300D683C6 /* Build configuration list for PBXNativeTarget "ActionExtension" */;
			buildPhases = (
				E5A2CEB02A08AF0300D683C6 /* Sources */,
				E5A2CEB12A08AF0300D683C6 /* Frameworks */,
				E5A2CEB22A08AF0300D683C6 /* Resources */,
			);
			buildRules = (
			);
			dependencies = (
			);
			name = ActionExtension;
			productName = ActionExtension;
			productReference = E5A2CEB42A08AF0300D683C6 /* ActionExtension.appex */;
			productType = "com.apple.product-type.app-extension";
		};
		E5A2CECB2A08B94200D683C6 /* ShareExtension */ = {
			isa = PBXNativeTarget;
			buildConfigurationList = E5A2CED72A08B94300D683C6 /* Build configuration list for PBXNativeTarget "ShareExtension" */;
			buildPhases = (
				E5A2CEC82A08B94200D683C6 /* Sources */,
				E5A2CEC92A08B94200D683C6 /* Frameworks */,
				E5A2CECA2A08B94200D683C6 /* Resources */,
			);
			buildRules = (
			);
			dependencies = (
			);
			name = ShareExtension;
			productName = ShareExtension;
			productReference = E5A2CECC2A08B94200D683C6 /* ShareExtension.appex */;
			productType = "com.apple.product-type.app-extension";
		};
/* End PBXNativeTarget section */

/* Begin PBXProject section */
		E50FB9C32886738B00AA325C /* Project object */ = {
			isa = PBXProject;
			attributes = {
				BuildIndependentTargetsInParallel = 1;
				LastSwiftUpdateCheck = 1430;
				LastUpgradeCheck = 1400;
				TargetAttributes = {
					E50FB9D12886738D00AA325C = {
						CreatedOnToolsVersion = 13.4.1;
					};
					E50FB9DE2886738D00AA325C = {
						CreatedOnToolsVersion = 13.4.1;
						TestTargetID = E50FB9D12886738D00AA325C;
					};
					E50FB9EA2886738D00AA325C = {
						CreatedOnToolsVersion = 13.4.1;
						TestTargetID = E50FB9D72886738D00AA325C;
					};
					E52C176D2A02427D00282117 = {
						CreatedOnToolsVersion = 14.2;
					};
					E5A2CEB32A08AF0300D683C6 = {
						CreatedOnToolsVersion = 14.3;
					};
					E5A2CECB2A08B94200D683C6 = {
						CreatedOnToolsVersion = 14.3;
					};
				};
			};
			buildConfigurationList = E50FB9C62886738B00AA325C /* Build configuration list for PBXProject "ZCombinator" */;
			compatibilityVersion = "Xcode 13.0";
			developmentRegion = en;
			hasScannedForEncodings = 0;
			knownRegions = (
				en,
				Base,
			);
			mainGroup = E50FB9C22886738B00AA325C;
			packageReferences = (
				E56C06BE288679E900D4E685 /* XCRemoteSwiftPackageReference "Alamofire" */,
				E54B013C29FE302100F7F0A0 /* XCRemoteSwiftPackageReference "AlertToast" */,
			);
			productRefGroup = E50FB9D32886738D00AA325C /* Products */;
			projectDirPath = "";
			projectRoot = "";
			targets = (
				E50FB9D12886738D00AA325C /* ZCombinator (iOS) */,
				E50FB9DE2886738D00AA325C /* Tests iOS */,
				E50FB9EA2886738D00AA325C /* Tests macOS */,
				E52C176D2A02427D00282117 /* StoryWidgetExtension */,
				E5A2CEB32A08AF0300D683C6 /* ActionExtension */,
				E5A2CECB2A08B94200D683C6 /* ShareExtension */,
			);
		};
/* End PBXProject section */

/* Begin PBXResourcesBuildPhase section */
		E50FB9D02886738D00AA325C /* Resources */ = {
			isa = PBXResourcesBuildPhase;
			buildActionMask = 2147483647;
			files = (
				E50FB9FB2886738D00AA325C /* Assets.xcassets in Resources */,
			);
			runOnlyForDeploymentPostprocessing = 0;
		};
		E50FB9DD2886738D00AA325C /* Resources */ = {
			isa = PBXResourcesBuildPhase;
			buildActionMask = 2147483647;
			files = (
			);
			runOnlyForDeploymentPostprocessing = 0;
		};
		E50FB9E92886738D00AA325C /* Resources */ = {
			isa = PBXResourcesBuildPhase;
			buildActionMask = 2147483647;
			files = (
			);
			runOnlyForDeploymentPostprocessing = 0;
		};
		E52C176C2A02427D00282117 /* Resources */ = {
			isa = PBXResourcesBuildPhase;
			buildActionMask = 2147483647;
			files = (
				E52C17792A02427F00282117 /* Assets.xcassets in Resources */,
			);
			runOnlyForDeploymentPostprocessing = 0;
		};
		E5A2CEB22A08AF0300D683C6 /* Resources */ = {
			isa = PBXResourcesBuildPhase;
			buildActionMask = 2147483647;
			files = (
				E5A2CEB92A08AF0300D683C6 /* Media.xcassets in Resources */,
				E5A2CEBE2A08AF0300D683C6 /* MainInterface.storyboard in Resources */,
			);
			runOnlyForDeploymentPostprocessing = 0;
		};
		E5A2CECA2A08B94200D683C6 /* Resources */ = {
			isa = PBXResourcesBuildPhase;
			buildActionMask = 2147483647;
			files = (
				E5A2CED22A08B94200D683C6 /* MainInterface.storyboard in Resources */,
			);
			runOnlyForDeploymentPostprocessing = 0;
		};
/* End PBXResourcesBuildPhase section */

/* Begin PBXSourcesBuildPhase section */
		E50FB9CE2886738D00AA325C /* Sources */ = {
			isa = PBXSourcesBuildPhase;
			buildActionMask = 2147483647;
			files = (
				E5EF2CE7289C789300AA5290 /* ItemStore.swift in Sources */,
				E5E048DC289F86D400702733 /* ReplyView.swift in Sources */,
				E52134C028877C06005CFB77 /* ItemRow.swift in Sources */,
				E5EF2CE1289C782A00AA5290 /* WebView.swift in Sources */,
				E5689EF12A09558B00F6CC48 /* Router.swift in Sources */,
				E504A0402A02269A0090AFAB /* DownvoteButton.swift in Sources */,
				E5C7B9802A0887F400CA6066 /* ProfileStore.swift in Sources */,
				E55322F92A08D13F005B93D0 /* SubmissionView.swift in Sources */,
				E5EF2CF3289CA58100AA5290 /* View+BorderedFootnote.swift in Sources */,
				E504A03D2A0226080090AFAB /* UpvoteButton.swift in Sources */,
				E57640342A030B2F0075F5D1 /* DebouncedObject.swift in Sources */,
				E53CA981289E3979009FDAE6 /* Constants.swift in Sources */,
				E57640382A0313C80075F5D1 /* PinView.swift in Sources */,
				E57E0D3A2A0B086A00E13963 /* Action.swift in Sources */,
				E57640362A0313B30075F5D1 /* PinStore.swift in Sources */,
				E5EF2CCE289C71CC00AA5290 /* ArrayExtension.swift in Sources */,
				E52134C328877ED7005CFB77 /* ItemView.swift in Sources */,
				E514FC412A02EB8E00BEFC14 /* SearchView.swift in Sources */,
				E514FC452A02FEF100BEFC14 /* PinButton.swift in Sources */,
				E5E048D6289F72D700702733 /* View+ConditionalModifier.swift in Sources */,
				E514FC3F2A02CA6000BEFC14 /* Status.swift in Sources */,
				E5689EF32A0956B600F6CC48 /* Destination.swift in Sources */,
				E5EF2CDB289C77C200AA5290 /* ScaleButtonStyle.swift in Sources */,
				E504A0362A01F79B0090AFAB /* FavStore.swift in Sources */,
				E5EF2CCB289C6F8C00AA5290 /* StringExtension.swift in Sources */,
				E57E0D3C2A0B08E800E13963 /* CopyButton.swift in Sources */,
				E5E048D9289F737700702733 /* BoolExtension.swift in Sources */,
				E55CF5C72A01D33300C6B80C /* CheckBox.swift in Sources */,
				E5EF2CD2289C771200AA5290 /* Comparable+Clamped.swift in Sources */,
				E50FB9F52886738D00AA325C /* ZCombinatorApp.swift in Sources */,
				E526555F2887E28800D0B79A /* SafariView.swift in Sources */,
				E5EF2CE4289C783F00AA5290 /* CustomText.swift in Sources */,
				E504A0432A0227F80090AFAB /* ShareMenu.swift in Sources */,
				E5EF2CD8289C777A00AA5290 /* ContextMenu.swift in Sources */,
				E5E048D0289F69D700702733 /* AuthButton.swift in Sources */,
				E5C7B97A2A086C9A00CA6066 /* CommentTile.swift in Sources */,
				E5EF2CD5289C773000AA5290 /* View+ContextMenu.swift in Sources */,
				E54D07012A01BB2D00F3E57B /* UserDefaultWrapper.swift in Sources */,
				E5C7B97E2A0887D600CA6066 /* ProfileView.swift in Sources */,
				E5687FAD289E194A00901F1F /* TextView.swift in Sources */,
				E57640322A0302A10075F5D1 /* FlagButton.swift in Sources */,
				E54B013A29FC9FB500F7F0A0 /* View+ShareSheet.swift in Sources */,
				E50FB9F32886738D00AA325C /* ZCombinator.xcdatamodeld in Sources */,
				E5C7B97C2A08706000CA6066 /* View+GetColor.swift in Sources */,
				E54B014329FE33FE00F7F0A0 /* HapticFeedbackService.swift in Sources */,
				E5E048D3289F6DA000702733 /* UIApplication+KeyWindow.swift in Sources */,
				E55322FB2A08D17A005B93D0 /* SubmissionStore.swift in Sources */,
				E54D06FB2A01AF0400F3E57B /* FavView.swift in Sources */,
				E50FB9F72886738D00AA325C /* HomeView.swift in Sources */,
				E514FC3A2A02C45E00BEFC14 /* Int+OrZero.swift in Sources */,
				E500F96B289266EF00080EAF /* LinkView.swift in Sources */,
				E504A0392A0223A30090AFAB /* FavButton.swift in Sources */,
				E51C9DA3289F2EF4001EA8E8 /* Authentication.swift in Sources */,
				E59425802A0AC2EF00469020 /* View+Toast.swift in Sources */,
				E5EF2CC7289C6CFF00AA5290 /* LoadingIndicator.swift in Sources */,
				E500F9682892659B00080EAF /* StoryStore.swift in Sources */,
				E580A3692A0A215E0025AD83 /* ToastContainer.swift in Sources */,
				E54D06FE2A01AF1100F3E57B /* Settings.swift in Sources */,
				E514FC432A02EBD400BEFC14 /* SearchStore.swift in Sources */,
			);
			runOnlyForDeploymentPostprocessing = 0;
		};
		E50FB9DB2886738D00AA325C /* Sources */ = {
			isa = PBXSourcesBuildPhase;
			buildActionMask = 2147483647;
			files = (
				E50FB9E62886738D00AA325C /* Tests_iOSLaunchTests.swift in Sources */,
				E50FB9E42886738D00AA325C /* Tests_iOS.swift in Sources */,
				E5687FAF289E194A00901F1F /* TextView.swift in Sources */,
			);
			runOnlyForDeploymentPostprocessing = 0;
		};
		E50FB9E72886738D00AA325C /* Sources */ = {
			isa = PBXSourcesBuildPhase;
			buildActionMask = 2147483647;
			files = (
				E5687FB0289E194A00901F1F /* TextView.swift in Sources */,
			);
			runOnlyForDeploymentPostprocessing = 0;
		};
		E52C176A2A02427D00282117 /* Sources */ = {
			isa = PBXSourcesBuildPhase;
			buildActionMask = 2147483647;
			files = (
				E52C17752A02427E00282117 /* StoryWidgetBundle.swift in Sources */,
				E52C17772A02427E00282117 /* StoryWidget.swift in Sources */,
			);
			runOnlyForDeploymentPostprocessing = 0;
		};
		E5A2CEB02A08AF0300D683C6 /* Sources */ = {
			isa = PBXSourcesBuildPhase;
			buildActionMask = 2147483647;
			files = (
				E5A2CEBB2A08AF0300D683C6 /* ActionViewController.swift in Sources */,
			);
			runOnlyForDeploymentPostprocessing = 0;
		};
		E5A2CEC82A08B94200D683C6 /* Sources */ = {
			isa = PBXSourcesBuildPhase;
			buildActionMask = 2147483647;
			files = (
				E5A2CECF2A08B94200D683C6 /* ShareViewController.swift in Sources */,
			);
			runOnlyForDeploymentPostprocessing = 0;
		};
/* End PBXSourcesBuildPhase section */

/* Begin PBXTargetDependency section */
		E50FB9E12886738D00AA325C /* PBXTargetDependency */ = {
			isa = PBXTargetDependency;
			target = E50FB9D12886738D00AA325C /* ZCombinator (iOS) */;
			targetProxy = E50FB9E02886738D00AA325C /* PBXContainerItemProxy */;
		};
		E52C177C2A02427F00282117 /* PBXTargetDependency */ = {
			isa = PBXTargetDependency;
			target = E52C176D2A02427D00282117 /* StoryWidgetExtension */;
			targetProxy = E52C177B2A02427F00282117 /* PBXContainerItemProxy */;
		};
		E5A2CEC12A08AF0300D683C6 /* PBXTargetDependency */ = {
			isa = PBXTargetDependency;
			target = E5A2CEB32A08AF0300D683C6 /* ActionExtension */;
			targetProxy = E5A2CEC02A08AF0300D683C6 /* PBXContainerItemProxy */;
		};
		E5A2CED52A08B94200D683C6 /* PBXTargetDependency */ = {
			isa = PBXTargetDependency;
			target = E5A2CECB2A08B94200D683C6 /* ShareExtension */;
			targetProxy = E5A2CED42A08B94200D683C6 /* PBXContainerItemProxy */;
		};
/* End PBXTargetDependency section */

/* Begin PBXVariantGroup section */
		E5A2CEBC2A08AF0300D683C6 /* MainInterface.storyboard */ = {
			isa = PBXVariantGroup;
			children = (
				E5A2CEBD2A08AF0300D683C6 /* Base */,
			);
			name = MainInterface.storyboard;
			sourceTree = "<group>";
		};
		E5A2CED02A08B94200D683C6 /* MainInterface.storyboard */ = {
			isa = PBXVariantGroup;
			children = (
				E5A2CED12A08B94200D683C6 /* Base */,
			);
			name = MainInterface.storyboard;
			sourceTree = "<group>";
		};
/* End PBXVariantGroup section */

/* Begin XCBuildConfiguration section */
		E50FB9FD2886738D00AA325C /* Debug */ = {
			isa = XCBuildConfiguration;
			buildSettings = {
				ALWAYS_SEARCH_USER_PATHS = NO;
				CLANG_ANALYZER_NONNULL = YES;
				CLANG_ANALYZER_NUMBER_OBJECT_CONVERSION = YES_AGGRESSIVE;
				CLANG_CXX_LANGUAGE_STANDARD = "gnu++17";
				CLANG_ENABLE_MODULES = YES;
				CLANG_ENABLE_OBJC_ARC = YES;
				CLANG_ENABLE_OBJC_WEAK = YES;
				CLANG_WARN_BLOCK_CAPTURE_AUTORELEASING = YES;
				CLANG_WARN_BOOL_CONVERSION = YES;
				CLANG_WARN_COMMA = YES;
				CLANG_WARN_CONSTANT_CONVERSION = YES;
				CLANG_WARN_DEPRECATED_OBJC_IMPLEMENTATIONS = YES;
				CLANG_WARN_DIRECT_OBJC_ISA_USAGE = YES_ERROR;
				CLANG_WARN_DOCUMENTATION_COMMENTS = YES;
				CLANG_WARN_EMPTY_BODY = YES;
				CLANG_WARN_ENUM_CONVERSION = YES;
				CLANG_WARN_INFINITE_RECURSION = YES;
				CLANG_WARN_INT_CONVERSION = YES;
				CLANG_WARN_NON_LITERAL_NULL_CONVERSION = YES;
				CLANG_WARN_OBJC_IMPLICIT_RETAIN_SELF = YES;
				CLANG_WARN_OBJC_LITERAL_CONVERSION = YES;
				CLANG_WARN_OBJC_ROOT_CLASS = YES_ERROR;
				CLANG_WARN_QUOTED_INCLUDE_IN_FRAMEWORK_HEADER = YES;
				CLANG_WARN_RANGE_LOOP_ANALYSIS = YES;
				CLANG_WARN_STRICT_PROTOTYPES = YES;
				CLANG_WARN_SUSPICIOUS_MOVE = YES;
				CLANG_WARN_UNGUARDED_AVAILABILITY = YES_AGGRESSIVE;
				CLANG_WARN_UNREACHABLE_CODE = YES;
				CLANG_WARN__DUPLICATE_METHOD_MATCH = YES;
				COPY_PHASE_STRIP = NO;
				DEAD_CODE_STRIPPING = YES;
				DEBUG_INFORMATION_FORMAT = dwarf;
				ENABLE_STRICT_OBJC_MSGSEND = YES;
				ENABLE_TESTABILITY = YES;
				GCC_C_LANGUAGE_STANDARD = gnu11;
				GCC_DYNAMIC_NO_PIC = NO;
				GCC_NO_COMMON_BLOCKS = YES;
				GCC_OPTIMIZATION_LEVEL = 0;
				GCC_PREPROCESSOR_DEFINITIONS = (
					"DEBUG=1",
					"$(inherited)",
				);
				GCC_WARN_64_TO_32_BIT_CONVERSION = YES;
				GCC_WARN_ABOUT_RETURN_TYPE = YES_ERROR;
				GCC_WARN_UNDECLARED_SELECTOR = YES;
				GCC_WARN_UNINITIALIZED_AUTOS = YES_AGGRESSIVE;
				GCC_WARN_UNUSED_FUNCTION = YES;
				GCC_WARN_UNUSED_VARIABLE = YES;
				MTL_ENABLE_DEBUG_INFO = INCLUDE_SOURCE;
				MTL_FAST_MATH = YES;
				ONLY_ACTIVE_ARCH = YES;
				SWIFT_ACTIVE_COMPILATION_CONDITIONS = DEBUG;
				SWIFT_OPTIMIZATION_LEVEL = "-Onone";
			};
			name = Debug;
		};
		E50FB9FE2886738D00AA325C /* Release */ = {
			isa = XCBuildConfiguration;
			buildSettings = {
				ALWAYS_SEARCH_USER_PATHS = NO;
				CLANG_ANALYZER_NONNULL = YES;
				CLANG_ANALYZER_NUMBER_OBJECT_CONVERSION = YES_AGGRESSIVE;
				CLANG_CXX_LANGUAGE_STANDARD = "gnu++17";
				CLANG_ENABLE_MODULES = YES;
				CLANG_ENABLE_OBJC_ARC = YES;
				CLANG_ENABLE_OBJC_WEAK = YES;
				CLANG_WARN_BLOCK_CAPTURE_AUTORELEASING = YES;
				CLANG_WARN_BOOL_CONVERSION = YES;
				CLANG_WARN_COMMA = YES;
				CLANG_WARN_CONSTANT_CONVERSION = YES;
				CLANG_WARN_DEPRECATED_OBJC_IMPLEMENTATIONS = YES;
				CLANG_WARN_DIRECT_OBJC_ISA_USAGE = YES_ERROR;
				CLANG_WARN_DOCUMENTATION_COMMENTS = YES;
				CLANG_WARN_EMPTY_BODY = YES;
				CLANG_WARN_ENUM_CONVERSION = YES;
				CLANG_WARN_INFINITE_RECURSION = YES;
				CLANG_WARN_INT_CONVERSION = YES;
				CLANG_WARN_NON_LITERAL_NULL_CONVERSION = YES;
				CLANG_WARN_OBJC_IMPLICIT_RETAIN_SELF = YES;
				CLANG_WARN_OBJC_LITERAL_CONVERSION = YES;
				CLANG_WARN_OBJC_ROOT_CLASS = YES_ERROR;
				CLANG_WARN_QUOTED_INCLUDE_IN_FRAMEWORK_HEADER = YES;
				CLANG_WARN_RANGE_LOOP_ANALYSIS = YES;
				CLANG_WARN_STRICT_PROTOTYPES = YES;
				CLANG_WARN_SUSPICIOUS_MOVE = YES;
				CLANG_WARN_UNGUARDED_AVAILABILITY = YES_AGGRESSIVE;
				CLANG_WARN_UNREACHABLE_CODE = YES;
				CLANG_WARN__DUPLICATE_METHOD_MATCH = YES;
				COPY_PHASE_STRIP = NO;
				DEAD_CODE_STRIPPING = YES;
				DEBUG_INFORMATION_FORMAT = "dwarf-with-dsym";
				ENABLE_NS_ASSERTIONS = NO;
				ENABLE_STRICT_OBJC_MSGSEND = YES;
				GCC_C_LANGUAGE_STANDARD = gnu11;
				GCC_NO_COMMON_BLOCKS = YES;
				GCC_WARN_64_TO_32_BIT_CONVERSION = YES;
				GCC_WARN_ABOUT_RETURN_TYPE = YES_ERROR;
				GCC_WARN_UNDECLARED_SELECTOR = YES;
				GCC_WARN_UNINITIALIZED_AUTOS = YES_AGGRESSIVE;
				GCC_WARN_UNUSED_FUNCTION = YES;
				GCC_WARN_UNUSED_VARIABLE = YES;
				MTL_ENABLE_DEBUG_INFO = NO;
				MTL_FAST_MATH = YES;
				SWIFT_COMPILATION_MODE = wholemodule;
				SWIFT_OPTIMIZATION_LEVEL = "-O";
			};
			name = Release;
		};
		E50FBA002886738D00AA325C /* Debug */ = {
			isa = XCBuildConfiguration;
			buildSettings = {
				ALWAYS_EMBED_SWIFT_STANDARD_LIBRARIES = YES;
				ASSETCATALOG_COMPILER_APPICON_NAME = AppIcon;
				ASSETCATALOG_COMPILER_GLOBAL_ACCENT_COLOR_NAME = AccentColor;
				CODE_SIGN_ENTITLEMENTS = "ZCombinator (iOS).entitlements";
				CODE_SIGN_STYLE = Automatic;
				CURRENT_PROJECT_VERSION = 3;
				DEVELOPMENT_TEAM = QMWX3X2NF7;
				ENABLE_PREVIEWS = YES;
				GENERATE_INFOPLIST_FILE = YES;
				INFOPLIST_FILE = "ZCombinator--iOS--Info.plist";
				INFOPLIST_KEY_CFBundleDisplayName = "Z Combinator";
				INFOPLIST_KEY_LSApplicationCategoryType = "public.app-category.magazines-and-newspapers";
				INFOPLIST_KEY_UIApplicationSceneManifest_Generation = YES;
				INFOPLIST_KEY_UIApplicationSupportsIndirectInputEvents = YES;
				INFOPLIST_KEY_UILaunchScreen_Generation = YES;
				INFOPLIST_KEY_UISupportedInterfaceOrientations = UIInterfaceOrientationPortrait;
				INFOPLIST_KEY_UISupportedInterfaceOrientations_iPad = "UIInterfaceOrientationLandscapeLeft UIInterfaceOrientationLandscapeRight UIInterfaceOrientationPortrait UIInterfaceOrientationPortraitUpsideDown";
				IPHONEOS_DEPLOYMENT_TARGET = 16.4;
				LD_RUNPATH_SEARCH_PATHS = (
					"$(inherited)",
					"@executable_path/Frameworks",
				);
				MARKETING_VERSION = 0.0.9;
				PRODUCT_BUNDLE_IDENTIFIER = com.jiaqi.ZCombinator;
				PRODUCT_NAME = ZCombinator;
				SDKROOT = iphoneos;
				SUPPORTED_PLATFORMS = "iphoneos iphonesimulator";
				SUPPORTS_MACCATALYST = NO;
				SUPPORTS_MAC_DESIGNED_FOR_IPHONE_IPAD = NO;
				SWIFT_EMIT_LOC_STRINGS = YES;
				SWIFT_VERSION = 5.0;
				TARGETED_DEVICE_FAMILY = 1;
			};
			name = Debug;
		};
		E50FBA012886738D00AA325C /* Release */ = {
			isa = XCBuildConfiguration;
			buildSettings = {
				ALWAYS_EMBED_SWIFT_STANDARD_LIBRARIES = YES;
				ASSETCATALOG_COMPILER_APPICON_NAME = AppIcon;
				ASSETCATALOG_COMPILER_GLOBAL_ACCENT_COLOR_NAME = AccentColor;
				CODE_SIGN_ENTITLEMENTS = "ZCombinator (iOS).entitlements";
				CODE_SIGN_STYLE = Automatic;
				CURRENT_PROJECT_VERSION = 3;
				DEVELOPMENT_TEAM = QMWX3X2NF7;
				ENABLE_PREVIEWS = YES;
				GENERATE_INFOPLIST_FILE = YES;
				INFOPLIST_FILE = "ZCombinator--iOS--Info.plist";
				INFOPLIST_KEY_CFBundleDisplayName = "Z Combinator";
				INFOPLIST_KEY_LSApplicationCategoryType = "public.app-category.magazines-and-newspapers";
				INFOPLIST_KEY_UIApplicationSceneManifest_Generation = YES;
				INFOPLIST_KEY_UIApplicationSupportsIndirectInputEvents = YES;
				INFOPLIST_KEY_UILaunchScreen_Generation = YES;
				INFOPLIST_KEY_UISupportedInterfaceOrientations = UIInterfaceOrientationPortrait;
				INFOPLIST_KEY_UISupportedInterfaceOrientations_iPad = "UIInterfaceOrientationLandscapeLeft UIInterfaceOrientationLandscapeRight UIInterfaceOrientationPortrait UIInterfaceOrientationPortraitUpsideDown";
				IPHONEOS_DEPLOYMENT_TARGET = 16.4;
				LD_RUNPATH_SEARCH_PATHS = (
					"$(inherited)",
					"@executable_path/Frameworks",
				);
				MARKETING_VERSION = 0.0.9;
				PRODUCT_BUNDLE_IDENTIFIER = com.jiaqi.ZCombinator;
				PRODUCT_NAME = ZCombinator;
				SDKROOT = iphoneos;
				SUPPORTED_PLATFORMS = "iphoneos iphonesimulator";
				SUPPORTS_MACCATALYST = NO;
				SUPPORTS_MAC_DESIGNED_FOR_IPHONE_IPAD = NO;
				SWIFT_EMIT_LOC_STRINGS = YES;
				SWIFT_VERSION = 5.0;
				TARGETED_DEVICE_FAMILY = 1;
				VALIDATE_PRODUCT = YES;
			};
			name = Release;
		};
		E50FBA062886738D00AA325C /* Debug */ = {
			isa = XCBuildConfiguration;
			buildSettings = {
				ALWAYS_EMBED_SWIFT_STANDARD_LIBRARIES = YES;
				CODE_SIGN_STYLE = Automatic;
				CURRENT_PROJECT_VERSION = 1;
				DEVELOPMENT_TEAM = QMWX3X2NF7;
				GENERATE_INFOPLIST_FILE = YES;
				IPHONEOS_DEPLOYMENT_TARGET = 15.5;
				MARKETING_VERSION = 1.0;
				PRODUCT_BUNDLE_IDENTIFIER = "com.jiaqi.Tests-iOS";
				PRODUCT_NAME = "$(TARGET_NAME)";
				SDKROOT = iphoneos;
				SWIFT_EMIT_LOC_STRINGS = NO;
				SWIFT_VERSION = 5.0;
				TARGETED_DEVICE_FAMILY = "1,2";
				TEST_TARGET_NAME = "ZCombinator (iOS)";
			};
			name = Debug;
		};
		E50FBA072886738D00AA325C /* Release */ = {
			isa = XCBuildConfiguration;
			buildSettings = {
				ALWAYS_EMBED_SWIFT_STANDARD_LIBRARIES = YES;
				CODE_SIGN_STYLE = Automatic;
				CURRENT_PROJECT_VERSION = 1;
				DEVELOPMENT_TEAM = QMWX3X2NF7;
				GENERATE_INFOPLIST_FILE = YES;
				IPHONEOS_DEPLOYMENT_TARGET = 15.5;
				MARKETING_VERSION = 1.0;
				PRODUCT_BUNDLE_IDENTIFIER = "com.jiaqi.Tests-iOS";
				PRODUCT_NAME = "$(TARGET_NAME)";
				SDKROOT = iphoneos;
				SWIFT_EMIT_LOC_STRINGS = NO;
				SWIFT_VERSION = 5.0;
				TARGETED_DEVICE_FAMILY = "1,2";
				TEST_TARGET_NAME = "ZCombinator (iOS)";
				VALIDATE_PRODUCT = YES;
			};
			name = Release;
		};
		E50FBA092886738D00AA325C /* Debug */ = {
			isa = XCBuildConfiguration;
			buildSettings = {
				ALWAYS_EMBED_SWIFT_STANDARD_LIBRARIES = YES;
				CODE_SIGN_STYLE = Automatic;
				CURRENT_PROJECT_VERSION = 1;
				DEAD_CODE_STRIPPING = YES;
				DEVELOPMENT_TEAM = QMWX3X2NF7;
				GENERATE_INFOPLIST_FILE = YES;
				MACOSX_DEPLOYMENT_TARGET = 12.3;
				MARKETING_VERSION = 1.0;
				PRODUCT_BUNDLE_IDENTIFIER = "com.jiaqi.Tests-macOS";
				PRODUCT_NAME = "$(TARGET_NAME)";
				SDKROOT = macosx;
				SWIFT_EMIT_LOC_STRINGS = NO;
				SWIFT_VERSION = 5.0;
				TEST_TARGET_NAME = "ZCombinator (macOS)";
			};
			name = Debug;
		};
		E50FBA0A2886738D00AA325C /* Release */ = {
			isa = XCBuildConfiguration;
			buildSettings = {
				ALWAYS_EMBED_SWIFT_STANDARD_LIBRARIES = YES;
				CODE_SIGN_STYLE = Automatic;
				CURRENT_PROJECT_VERSION = 1;
				DEAD_CODE_STRIPPING = YES;
				DEVELOPMENT_TEAM = QMWX3X2NF7;
				GENERATE_INFOPLIST_FILE = YES;
				MACOSX_DEPLOYMENT_TARGET = 12.3;
				MARKETING_VERSION = 1.0;
				PRODUCT_BUNDLE_IDENTIFIER = "com.jiaqi.Tests-macOS";
				PRODUCT_NAME = "$(TARGET_NAME)";
				SDKROOT = macosx;
				SWIFT_EMIT_LOC_STRINGS = NO;
				SWIFT_VERSION = 5.0;
				TEST_TARGET_NAME = "ZCombinator (macOS)";
			};
			name = Release;
		};
		E52C177F2A02427F00282117 /* Debug */ = {
			isa = XCBuildConfiguration;
			buildSettings = {
				ASSETCATALOG_COMPILER_GLOBAL_ACCENT_COLOR_NAME = AccentColor;
				ASSETCATALOG_COMPILER_WIDGET_BACKGROUND_COLOR_NAME = WidgetBackground;
				CLANG_CXX_LANGUAGE_STANDARD = "gnu++20";
				CODE_SIGN_STYLE = Automatic;
				CURRENT_PROJECT_VERSION = 1;
				DEVELOPMENT_TEAM = QMWX3X2NF7;
				GENERATE_INFOPLIST_FILE = YES;
				INFOPLIST_FILE = StoryWidget/Info.plist;
				INFOPLIST_KEY_CFBundleDisplayName = StoryWidget;
				INFOPLIST_KEY_NSHumanReadableCopyright = "";
				IPHONEOS_DEPLOYMENT_TARGET = 16.2;
				LD_RUNPATH_SEARCH_PATHS = (
					"$(inherited)",
					"@executable_path/Frameworks",
					"@executable_path/../../Frameworks",
				);
				MARKETING_VERSION = 1.0;
				PRODUCT_BUNDLE_IDENTIFIER = com.jiaqi.ZCombinator.StoryWidget;
				PRODUCT_NAME = "$(TARGET_NAME)";
				SDKROOT = iphoneos;
				SKIP_INSTALL = YES;
				SWIFT_EMIT_LOC_STRINGS = YES;
				SWIFT_VERSION = 5.0;
				TARGETED_DEVICE_FAMILY = 1;
			};
			name = Debug;
		};
		E52C17802A02427F00282117 /* Release */ = {
			isa = XCBuildConfiguration;
			buildSettings = {
				ASSETCATALOG_COMPILER_GLOBAL_ACCENT_COLOR_NAME = AccentColor;
				ASSETCATALOG_COMPILER_WIDGET_BACKGROUND_COLOR_NAME = WidgetBackground;
				CLANG_CXX_LANGUAGE_STANDARD = "gnu++20";
				CODE_SIGN_STYLE = Automatic;
				CURRENT_PROJECT_VERSION = 1;
				DEVELOPMENT_TEAM = QMWX3X2NF7;
				GENERATE_INFOPLIST_FILE = YES;
				INFOPLIST_FILE = StoryWidget/Info.plist;
				INFOPLIST_KEY_CFBundleDisplayName = StoryWidget;
				INFOPLIST_KEY_NSHumanReadableCopyright = "";
				IPHONEOS_DEPLOYMENT_TARGET = 16.2;
				LD_RUNPATH_SEARCH_PATHS = (
					"$(inherited)",
					"@executable_path/Frameworks",
					"@executable_path/../../Frameworks",
				);
				MARKETING_VERSION = 1.0;
				PRODUCT_BUNDLE_IDENTIFIER = com.jiaqi.ZCombinator.StoryWidget;
				PRODUCT_NAME = "$(TARGET_NAME)";
				SDKROOT = iphoneos;
				SKIP_INSTALL = YES;
				SWIFT_EMIT_LOC_STRINGS = YES;
				SWIFT_VERSION = 5.0;
				TARGETED_DEVICE_FAMILY = 1;
				VALIDATE_PRODUCT = YES;
			};
			name = Release;
		};
		E5A2CEC32A08AF0300D683C6 /* Debug */ = {
			isa = XCBuildConfiguration;
			buildSettings = {
				ASSETCATALOG_COMPILER_APPICON_NAME = AppIconExtension;
				CLANG_CXX_LANGUAGE_STANDARD = "gnu++20";
				CODE_SIGN_ENTITLEMENTS = ActionExtension/ActionExtension.entitlements;
				CODE_SIGN_STYLE = Automatic;
				CURRENT_PROJECT_VERSION = 1;
				DEVELOPMENT_TEAM = QMWX3X2NF7;
				GENERATE_INFOPLIST_FILE = YES;
				INFOPLIST_FILE = ActionExtension/Info.plist;
				INFOPLIST_KEY_CFBundleDisplayName = "Open in Z Combinator";
				INFOPLIST_KEY_NSHumanReadableCopyright = "";
				IPHONEOS_DEPLOYMENT_TARGET = 16.0;
				LD_RUNPATH_SEARCH_PATHS = (
					"$(inherited)",
					"@executable_path/Frameworks",
					"@executable_path/../../Frameworks",
				);
				MARKETING_VERSION = 1.0;
				PRODUCT_BUNDLE_IDENTIFIER = com.jiaqi.ZCombinator.ActionExtension;
				PRODUCT_NAME = "$(TARGET_NAME)";
				SDKROOT = iphoneos;
				SKIP_INSTALL = YES;
				SWIFT_EMIT_LOC_STRINGS = YES;
				SWIFT_VERSION = 5.0;
				TARGETED_DEVICE_FAMILY = 1;
			};
			name = Debug;
		};
		E5A2CEC42A08AF0300D683C6 /* Release */ = {
			isa = XCBuildConfiguration;
			buildSettings = {
				ASSETCATALOG_COMPILER_APPICON_NAME = AppIconExtension;
				CLANG_CXX_LANGUAGE_STANDARD = "gnu++20";
				CODE_SIGN_ENTITLEMENTS = ActionExtension/ActionExtension.entitlements;
				CODE_SIGN_STYLE = Automatic;
				CURRENT_PROJECT_VERSION = 1;
				DEVELOPMENT_TEAM = QMWX3X2NF7;
				GENERATE_INFOPLIST_FILE = YES;
				INFOPLIST_FILE = ActionExtension/Info.plist;
				INFOPLIST_KEY_CFBundleDisplayName = "Open in Z Combinator";
				INFOPLIST_KEY_NSHumanReadableCopyright = "";
				IPHONEOS_DEPLOYMENT_TARGET = 16.0;
				LD_RUNPATH_SEARCH_PATHS = (
					"$(inherited)",
					"@executable_path/Frameworks",
					"@executable_path/../../Frameworks",
				);
				MARKETING_VERSION = 1.0;
				PRODUCT_BUNDLE_IDENTIFIER = com.jiaqi.ZCombinator.ActionExtension;
				PRODUCT_NAME = "$(TARGET_NAME)";
				SDKROOT = iphoneos;
				SKIP_INSTALL = YES;
				SWIFT_EMIT_LOC_STRINGS = YES;
				SWIFT_VERSION = 5.0;
				TARGETED_DEVICE_FAMILY = 1;
				VALIDATE_PRODUCT = YES;
			};
			name = Release;
		};
		E5A2CED82A08B94300D683C6 /* Debug */ = {
			isa = XCBuildConfiguration;
			buildSettings = {
				CLANG_CXX_LANGUAGE_STANDARD = "gnu++20";
				CODE_SIGN_STYLE = Automatic;
				CURRENT_PROJECT_VERSION = 1;
				DEVELOPMENT_TEAM = QMWX3X2NF7;
				GENERATE_INFOPLIST_FILE = YES;
				INFOPLIST_FILE = ShareExtension/Info.plist;
				INFOPLIST_KEY_CFBundleDisplayName = ShareExtension;
				INFOPLIST_KEY_NSHumanReadableCopyright = "";
				IPHONEOS_DEPLOYMENT_TARGET = 16.0;
				LD_RUNPATH_SEARCH_PATHS = (
					"$(inherited)",
					"@executable_path/Frameworks",
					"@executable_path/../../Frameworks",
				);
				MARKETING_VERSION = 1.0;
				PRODUCT_BUNDLE_IDENTIFIER = com.jiaqi.ZCombinator.ShareExtension;
				PRODUCT_NAME = "$(TARGET_NAME)";
				SDKROOT = iphoneos;
				SKIP_INSTALL = YES;
				SWIFT_EMIT_LOC_STRINGS = YES;
				SWIFT_VERSION = 5.0;
				TARGETED_DEVICE_FAMILY = 1;
			};
			name = Debug;
		};
		E5A2CED92A08B94300D683C6 /* Release */ = {
			isa = XCBuildConfiguration;
			buildSettings = {
				CLANG_CXX_LANGUAGE_STANDARD = "gnu++20";
				CODE_SIGN_STYLE = Automatic;
				CURRENT_PROJECT_VERSION = 1;
				DEVELOPMENT_TEAM = QMWX3X2NF7;
				GENERATE_INFOPLIST_FILE = YES;
				INFOPLIST_FILE = ShareExtension/Info.plist;
				INFOPLIST_KEY_CFBundleDisplayName = ShareExtension;
				INFOPLIST_KEY_NSHumanReadableCopyright = "";
				IPHONEOS_DEPLOYMENT_TARGET = 16.0;
				LD_RUNPATH_SEARCH_PATHS = (
					"$(inherited)",
					"@executable_path/Frameworks",
					"@executable_path/../../Frameworks",
				);
				MARKETING_VERSION = 1.0;
				PRODUCT_BUNDLE_IDENTIFIER = com.jiaqi.ZCombinator.ShareExtension;
				PRODUCT_NAME = "$(TARGET_NAME)";
				SDKROOT = iphoneos;
				SKIP_INSTALL = YES;
				SWIFT_EMIT_LOC_STRINGS = YES;
				SWIFT_VERSION = 5.0;
				TARGETED_DEVICE_FAMILY = 1;
				VALIDATE_PRODUCT = YES;
			};
			name = Release;
		};
/* End XCBuildConfiguration section */

/* Begin XCConfigurationList section */
		E50FB9C62886738B00AA325C /* Build configuration list for PBXProject "ZCombinator" */ = {
			isa = XCConfigurationList;
			buildConfigurations = (
				E50FB9FD2886738D00AA325C /* Debug */,
				E50FB9FE2886738D00AA325C /* Release */,
			);
			defaultConfigurationIsVisible = 0;
			defaultConfigurationName = Release;
		};
		E50FB9FF2886738D00AA325C /* Build configuration list for PBXNativeTarget "ZCombinator (iOS)" */ = {
			isa = XCConfigurationList;
			buildConfigurations = (
				E50FBA002886738D00AA325C /* Debug */,
				E50FBA012886738D00AA325C /* Release */,
			);
			defaultConfigurationIsVisible = 0;
			defaultConfigurationName = Release;
		};
		E50FBA052886738D00AA325C /* Build configuration list for PBXNativeTarget "Tests iOS" */ = {
			isa = XCConfigurationList;
			buildConfigurations = (
				E50FBA062886738D00AA325C /* Debug */,
				E50FBA072886738D00AA325C /* Release */,
			);
			defaultConfigurationIsVisible = 0;
			defaultConfigurationName = Release;
		};
		E50FBA082886738D00AA325C /* Build configuration list for PBXNativeTarget "Tests macOS" */ = {
			isa = XCConfigurationList;
			buildConfigurations = (
				E50FBA092886738D00AA325C /* Debug */,
				E50FBA0A2886738D00AA325C /* Release */,
			);
			defaultConfigurationIsVisible = 0;
			defaultConfigurationName = Release;
		};
		E52C17812A02427F00282117 /* Build configuration list for PBXNativeTarget "StoryWidgetExtension" */ = {
			isa = XCConfigurationList;
			buildConfigurations = (
				E52C177F2A02427F00282117 /* Debug */,
				E52C17802A02427F00282117 /* Release */,
			);
			defaultConfigurationIsVisible = 0;
			defaultConfigurationName = Release;
		};
		E5A2CEC52A08AF0300D683C6 /* Build configuration list for PBXNativeTarget "ActionExtension" */ = {
			isa = XCConfigurationList;
			buildConfigurations = (
				E5A2CEC32A08AF0300D683C6 /* Debug */,
				E5A2CEC42A08AF0300D683C6 /* Release */,
			);
			defaultConfigurationIsVisible = 0;
			defaultConfigurationName = Release;
		};
		E5A2CED72A08B94300D683C6 /* Build configuration list for PBXNativeTarget "ShareExtension" */ = {
			isa = XCConfigurationList;
			buildConfigurations = (
				E5A2CED82A08B94300D683C6 /* Debug */,
				E5A2CED92A08B94300D683C6 /* Release */,
			);
			defaultConfigurationIsVisible = 0;
			defaultConfigurationName = Release;
		};
/* End XCConfigurationList section */

/* Begin XCRemoteSwiftPackageReference section */
		E54B013C29FE302100F7F0A0 /* XCRemoteSwiftPackageReference "AlertToast" */ = {
			isa = XCRemoteSwiftPackageReference;
			repositoryURL = "https://github.com/elai950/AlertToast.git";
			requirement = {
				kind = upToNextMajorVersion;
				minimumVersion = 1.0.0;
			};
		};
		E56C06BE288679E900D4E685 /* XCRemoteSwiftPackageReference "Alamofire" */ = {
			isa = XCRemoteSwiftPackageReference;
			repositoryURL = "https://github.com/Alamofire/Alamofire.git";
			requirement = {
				kind = exactVersion;
				version = 5.6.2;
			};
		};
/* End XCRemoteSwiftPackageReference section */

/* Begin XCSwiftPackageProductDependency section */
		E514FC352A02C41D00BEFC14 /* HackerNewsKit */ = {
			isa = XCSwiftPackageProductDependency;
			productName = HackerNewsKit;
		};
		E514FC3C2A02C61600BEFC14 /* HackerNewsKit */ = {
			isa = XCSwiftPackageProductDependency;
			productName = HackerNewsKit;
		};
		E54B013D29FE302100F7F0A0 /* AlertToast */ = {
			isa = XCSwiftPackageProductDependency;
			package = E54B013C29FE302100F7F0A0 /* XCRemoteSwiftPackageReference "AlertToast" */;
			productName = AlertToast;
		};
		E56C06BF288679E900D4E685 /* Alamofire */ = {
			isa = XCSwiftPackageProductDependency;
			package = E56C06BE288679E900D4E685 /* XCRemoteSwiftPackageReference "Alamofire" */;
			productName = Alamofire;
		};
/* End XCSwiftPackageProductDependency section */

/* Begin XCVersionGroup section */
		E50FB9C82886738B00AA325C /* ZCombinator.xcdatamodeld */ = {
			isa = XCVersionGroup;
			children = (
				E50FB9C92886738B00AA325C /* Shared.xcdatamodel */,
			);
			currentVersion = E50FB9C92886738B00AA325C /* Shared.xcdatamodel */;
			path = ZCombinator.xcdatamodeld;
			sourceTree = "<group>";
			versionGroupType = wrapper.xcdatamodel;
		};
/* End XCVersionGroup section */
	};
	rootObject = E50FB9C32886738B00AA325C /* Project object */;
}
